
Microsoft Visual Studio Solution File, Format Version 12.00
# Visual Studio 15
VisualStudioVersion = 15.0.27130.2010
MinimumVisualStudioVersion = 15.0.26124.0
Project("{2150E333-8FDC-42A3-9474-1A3956D46DE8}") = "src", "src", "{749B1421-3177-4C7A-A66B-541BD4E925B0}"
EndProject
Project("{2150E333-8FDC-42A3-9474-1A3956D46DE8}") = "test", "test", "{ADD2EBBA-A839-4E4A-9253-CDE29A372F07}"
EndProject
Project("{2150E333-8FDC-42A3-9474-1A3956D46DE8}") = "Solution Items", "Solution Items", "{C8804689-D33A-45CC-B025-2854D37A2D14}"
	ProjectSection(SolutionItems) = preProject
		.gitignore = .gitignore
		Readme.md = Readme.md
		shared.csproj = shared.csproj
		.editorconfig = .editorconfig
		.pre-commit-config.yaml = .pre-commit-config.yaml
	EndProjectSection
EndProject
Project("{9A19103F-16F7-4668-BE54-9A1E7A4F7556}") = "Motor.Extensions.Hosting.RabbitMQ", "src\Motor.Extensions.Hosting.RabbitMQ\Motor.Extensions.Hosting.RabbitMQ.csproj", "{29797CA7-CF31-4A11-B2DF-FB5F5525493E}"
EndProject
Project("{9A19103F-16F7-4668-BE54-9A1E7A4F7556}") = "Motor.Extensions.Hosting.Abstractions", "src\Motor.Extensions.Hosting.Abstractions\Motor.Extensions.Hosting.Abstractions.csproj", "{EB325644-8AAF-43A2-9889-7C073BF53304}"
EndProject
Project("{9A19103F-16F7-4668-BE54-9A1E7A4F7556}") = "Motor.Extensions.Hosting.RabbitMQ_UnitTest", "test\Motor.Extensions.Hosting.RabbitMQ_UnitTest\Motor.Extensions.Hosting.RabbitMQ_UnitTest.csproj", "{10042657-E486-4BDD-BBC3-0205D08DAB67}"
EndProject
Project("{9A19103F-16F7-4668-BE54-9A1E7A4F7556}") = "Motor.Extensions.Hosting.RabbitMQ_IntegrationTest", "test\Motor.Extensions.Hosting.RabbitMQ_IntegrationTest\Motor.Extensions.Hosting.RabbitMQ_IntegrationTest.csproj", "{DE577893-D908-499C-83E8-E0EE578E7A2C}"
EndProject
Project("{9A19103F-16F7-4668-BE54-9A1E7A4F7556}") = "Motor.Extensions.Hosting", "src\Motor.Extensions.Hosting\Motor.Extensions.Hosting.csproj", "{C3C8328A-2E11-4B19-A5C2-7A65672FDC6E}"
EndProject
Project("{9A19103F-16F7-4668-BE54-9A1E7A4F7556}") = "Motor.Extensions.Hosting_UnitTest", "test\Motor.Extensions.Hosting_UnitTest\Motor.Extensions.Hosting_UnitTest.csproj", "{7117678F-36F5-4354-BDA2-A8C1C112C0F9}"
EndProject
Project("{9A19103F-16F7-4668-BE54-9A1E7A4F7556}") = "Motor.Extensions.Diagnostics.Metrics", "src\Motor.Extensions.Diagnostics.Metrics\Motor.Extensions.Diagnostics.Metrics.csproj", "{3EE72664-2F9B-4EB4-BF89-65D817E78719}"
EndProject
Project("{9A19103F-16F7-4668-BE54-9A1E7A4F7556}") = "Motor.Extensions.Hosting_IntegrationTest", "test\Motor.Extensions.Hosting_IntegrationTest\Motor.Extensions.Hosting_IntegrationTest.csproj", "{33D0839C-26E8-4EF9-90EE-26DDD39C5EB1}"
EndProject
Project("{9A19103F-16F7-4668-BE54-9A1E7A4F7556}") = "Motor.Extensions.Diagnostics.Metrics_UnitTest", "test\Motor.Extensions.Diagnostics.Metrics_UnitTest\Motor.Extensions.Diagnostics.Metrics_UnitTest.csproj", "{36EEC52A-6F25-4CA2-9A4E-34FDAAF11E2F}"
EndProject
Project("{9A19103F-16F7-4668-BE54-9A1E7A4F7556}") = "Motor.Extensions.Utilities", "src\Motor.Extensions.Utilities\Motor.Extensions.Utilities.csproj", "{F0FBD736-A0EA-442C-9B73-90AF26593899}"
EndProject
Project("{9A19103F-16F7-4668-BE54-9A1E7A4F7556}") = "Motor.Extensions.Diagnostics.Tracing", "src\Motor.Extensions.Diagnostics.Tracing\Motor.Extensions.Diagnostics.Tracing.csproj", "{77261F3E-7046-47F7-B5EF-280EF8AAA473}"
EndProject
Project("{9A19103F-16F7-4668-BE54-9A1E7A4F7556}") = "Motor.Extensions.Utilities_IntegrationTest", "test\Motor.Extensions.Utilities_IntegrationTest\Motor.Extensions.Utilities_IntegrationTest.csproj", "{C52FA36E-7553-4859-9B8A-932043651D6B}"
EndProject
Project("{9A19103F-16F7-4668-BE54-9A1E7A4F7556}") = "Motor.Extensions.Diagnostics.Logging", "src\Motor.Extensions.Diagnostics.Logging\Motor.Extensions.Diagnostics.Logging.csproj", "{B364E602-CF9A-484F-A421-9DBC9D6917FA}"
EndProject
Project("{9A19103F-16F7-4668-BE54-9A1E7A4F7556}") = "Motor.Extensions.Conversion.Abstractions", "src\Motor.Extensions.Conversion.Abstractions\Motor.Extensions.Conversion.Abstractions.csproj", "{5AE9AAC5-18D7-4FC3-9711-3C9EBCB6E52E}"
EndProject
Project("{9A19103F-16F7-4668-BE54-9A1E7A4F7556}") = "Motor.Extensions.Conversion.Protobuf", "src\Motor.Extensions.Conversion.Protobuf\Motor.Extensions.Conversion.Protobuf.csproj", "{B3AAD2F2-E087-4141-B810-57FDACF65AA0}"
EndProject
Project("{9A19103F-16F7-4668-BE54-9A1E7A4F7556}") = "Motor.Extensions.Conversion.Protobuf_UnitTest", "test\Motor.Extensions.Conversion.Protobuf_UnitTest\Motor.Extensions.Conversion.Protobuf_UnitTest.csproj", "{84835EF8-D772-44A5-A554-3A2F4AD3643D}"
EndProject
Project("{9A19103F-16F7-4668-BE54-9A1E7A4F7556}") = "Motor.Extensions.Hosting.Timer", "src\Motor.Extensions.Hosting.Timer\Motor.Extensions.Hosting.Timer.csproj", "{2196CACB-D711-49E8-8CF2-3C891C15FF72}"
EndProject
Project("{9A19103F-16F7-4668-BE54-9A1E7A4F7556}") = "Motor.Extensions.Hosting.Timer_IntegrationTest", "test\Motor.Extensions.Hosting.Timer_IntegrationTest\Motor.Extensions.Hosting.Timer_IntegrationTest.csproj", "{EBB863B1-3FA4-48BE-BAA3-84EA26EC4E03}"
EndProject
Project("{9A19103F-16F7-4668-BE54-9A1E7A4F7556}") = "Motor.Extensions.Http", "src\Motor.Extensions.Http\Motor.Extensions.Http.csproj", "{6DCDAA6E-DF2C-491A-954A-B5537445B39F}"
EndProject
Project("{9A19103F-16F7-4668-BE54-9A1E7A4F7556}") = "Motor.Extensions.Http_UnitTest", "test\Motor.Extensions.Http_UnitTest\Motor.Extensions.Http_UnitTest.csproj", "{D9C37DBE-8B2B-4A99-BD5E-1CC1EEB01046}"
EndProject
Project("{FAE04EC0-301F-11D3-BF4B-00C04F79EFBC}") = "Motor.Extensions.Hosting.Kafka", "src\Motor.Extensions.Hosting.Kafka\Motor.Extensions.Hosting.Kafka.csproj", "{9E3C28EF-1D84-4340-B79F-0AC1572F3B95}"
EndProject
Project("{FAE04EC0-301F-11D3-BF4B-00C04F79EFBC}") = "Motor.Extensions.Hosting.Kafka_IntegrationTest", "test\Motor.Extensions.Hosting.Kafka_IntegrationTest\Motor.Extensions.Hosting.Kafka_IntegrationTest.csproj", "{3C34CB10-3FAE-430D-A11A-CEEAC0665AFE}"
EndProject
Project("{FAE04EC0-301F-11D3-BF4B-00C04F79EFBC}") = "Motor.Extensions.Hosting.Publisher", "src\Motor.Extensions.Hosting.Publisher\Motor.Extensions.Hosting.Publisher.csproj", "{60398EBC-B9C8-4FDD-BD0F-C0D2BD22CBD0}"
EndProject
Project("{FAE04EC0-301F-11D3-BF4B-00C04F79EFBC}") = "Motor.Extensions.Hosting.Publisher_UnitTest", "test\Motor.Extensions.Hosting.Publisher_UnitTest\Motor.Extensions.Hosting.Publisher_UnitTest.csproj", "{7B38B0BC-DCC2-4206-A682-A97404824AB2}"
EndProject
Project("{FAE04EC0-301F-11D3-BF4B-00C04F79EFBC}") = "Motor.Extensions.Hosting.Consumer", "src\Motor.Extensions.Hosting.Consumer\Motor.Extensions.Hosting.Consumer.csproj", "{A73CD6CB-B6BF-43E5-8966-AB3BD00FC3CD}"
EndProject
Project("{FAE04EC0-301F-11D3-BF4B-00C04F79EFBC}") = "Motor.Extensions.Hosting.Consumer_UnitTest", "test\Motor.Extensions.Hosting.Consumer_UnitTest\Motor.Extensions.Hosting.Consumer_UnitTest.csproj", "{68F5C4FF-E3DB-42B0-B609-50BED508CF79}"
EndProject
Project("{FAE04EC0-301F-11D3-BF4B-00C04F79EFBC}") = "Motor.Extensions.Conversion.JsonNet", "src\Motor.Extensions.Conversion.JsonNet\Motor.Extensions.Conversion.JsonNet.csproj", "{F3B7CB58-C35A-4C2D-A1AE-9E4BFBEE782F}"
EndProject
Project("{FAE04EC0-301F-11D3-BF4B-00C04F79EFBC}") = "Motor.Extensions.Conversion.SystemJson", "src\Motor.Extensions.Conversion.SystemJson\Motor.Extensions.Conversion.SystemJson.csproj", "{211F2BFF-928F-4F90-B46A-CA6C61966416}"
EndProject
Project("{FAE04EC0-301F-11D3-BF4B-00C04F79EFBC}") = "Motor.Extensions.Conversion.JsonNet_UnitTest", "test\Motor.Extensions.Conversion.JsonNet_UnitTest\Motor.Extensions.Conversion.JsonNet_UnitTest.csproj", "{CFEFA746-9E61-40AC-A266-392AA0F6EFAB}"
EndProject
Project("{FAE04EC0-301F-11D3-BF4B-00C04F79EFBC}") = "Motor.Extensions.Conversion.SystemJson_UnitTest", "test\Motor.Extensions.Conversion.SystemJson_UnitTest\Motor.Extensions.Conversion.SystemJson_UnitTest.csproj", "{1595E570-D495-41C8-BDAC-8DE71550A15A}"
EndProject
Project("{FAE04EC0-301F-11D3-BF4B-00C04F79EFBC}") = "Motor.Extensions.Hosting.CloudEvents_UnitTest", "test\Motor.Extensions.Hosting.CloudEvents_UnitTest\Motor.Extensions.Hosting.CloudEvents_UnitTest.csproj", "{269BEA88-85A9-42CF-B9A1-E2C8DAF6B662}"
EndProject
Project("{FAE04EC0-301F-11D3-BF4B-00C04F79EFBC}") = "Motor.Extensions.Diagnostics.HealthChecks", "src\Motor.Extensions.Diagnostics.HealthChecks\Motor.Extensions.Diagnostics.HealthChecks.csproj", "{E0E0412E-98EC-4B86-853D-CF400FE4F74B}"
EndProject
Project("{FAE04EC0-301F-11D3-BF4B-00C04F79EFBC}") = "Motor.Extensions.Diagnostics.Metrics.Abstractions", "src\Motor.Extensions.Diagnostics.Metrics.Abstractions\Motor.Extensions.Diagnostics.Metrics.Abstractions.csproj", "{5757B2BB-D7EF-401B-8B73-7013460A06CC}"
EndProject
Project("{FAE04EC0-301F-11D3-BF4B-00C04F79EFBC}") = "Motor.Extensions.Utilities.Abstractions", "src\Motor.Extensions.Utilities.Abstractions\Motor.Extensions.Utilities.Abstractions.csproj", "{0189028B-3B54-41A2-8B6C-93BF65906E83}"
EndProject
Project("{FAE04EC0-301F-11D3-BF4B-00C04F79EFBC}") = "Motor.Extensions.TestUtilities", "src\Motor.Extensions.TestUtilities\Motor.Extensions.TestUtilities.csproj", "{0FCFC424-B402-4E46-BD18-45B38C5B4003}"
EndProject
Project("{2150E333-8FDC-42A3-9474-1A3956D46DE8}") = "examples", "examples", "{3DC7D216-6908-4759-B86F-759FDAE393D9}"
EndProject
Project("{FAE04EC0-301F-11D3-BF4B-00C04F79EFBC}") = "ConsumeAndPublishWithRabbitMQ", "examples\ConsumeAndPublishWithRabbitMQ\ConsumeAndPublishWithRabbitMQ.csproj", "{946D0F5D-EC69-49A7-A7A9-16B4A0648247}"
EndProject
Project("{FAE04EC0-301F-11D3-BF4B-00C04F79EFBC}") = "MetricsExample", "examples\MetricsExample\MetricsExample.csproj", "{66983F53-AA09-46B7-839C-F23BAE73433C}"
EndProject
Project("{FAE04EC0-301F-11D3-BF4B-00C04F79EFBC}") = "ConsumeAndPublishWithKafka", "examples\ConsumeAndPublishWithKafka\ConsumeAndPublishWithKafka.csproj", "{FA64170E-BF10-4670-84C6-1EF36E143E08}"
EndProject
Project("{FAE04EC0-301F-11D3-BF4B-00C04F79EFBC}") = "ConsumeAndMultiOutputPublisherWithRabbitMQ", "examples\ConsumeAndMultiOutputPublisherWithRabbitMQ\ConsumeAndMultiOutputPublisherWithRabbitMQ.csproj", "{F8386DEA-8905-4157-B949-CC151F3FB8D2}"
EndProject
Project("{FAE04EC0-301F-11D3-BF4B-00C04F79EFBC}") = "OpenTelemetryExample", "examples\OpenTelemetryExample\OpenTelemetryExample.csproj", "{E7F2E446-E2F5-4AD9-8328-42F1B5B4E245}"
EndProject
Project("{FAE04EC0-301F-11D3-BF4B-00C04F79EFBC}") = "Motor.Extensions.Hosting.SQS", "src\Motor.Extensions.Hosting.SQS\Motor.Extensions.Hosting.SQS.csproj", "{7A316DFB-5ECF-463E-88E7-8D3B7B5DE793}"
EndProject
Project("{FAE04EC0-301F-11D3-BF4B-00C04F79EFBC}") = "Motor.Extensions.Hosting.SQS_IntegrationTest", "test\Motor.Extensions.Hosting.SQS_IntegrationTest\Motor.Extensions.Hosting.SQS_IntegrationTest.csproj", "{3FF292B7-E167-4687-8813-FCBC05B139B9}"
EndProject
Project("{FAE04EC0-301F-11D3-BF4B-00C04F79EFBC}") = "ConsumeSQS", "examples\ConsumeSQS\ConsumeSQS.csproj", "{76AF0280-E7F6-4853-A69F-71194F07EA9E}"
EndProject
Project("{FAE04EC0-301F-11D3-BF4B-00C04F79EFBC}") = "Motor.Extensions.Hosting.Bridge", "src\Motor.Extensions.Hosting.Bridge\Motor.Extensions.Hosting.Bridge.csproj", "{62234AB3-F8B0-41A0-B3AE-988D7A26F91C}"
EndProject
Project("{FAE04EC0-301F-11D3-BF4B-00C04F79EFBC}") = "Motor.Extensions.Utilities_UnitTest", "test\Motor.Extensions.Utilities_UnitTest\Motor.Extensions.Utilities_UnitTest.csproj", "{B51A4631-F1C4-44A6-9F3C-F0AD0AE65697}"
EndProject
Project("{FAE04EC0-301F-11D3-BF4B-00C04F79EFBC}") = "Motor.Extensions.Diagnostics.Telemetry", "src\Motor.Extensions.Diagnostics.Telemetry\Motor.Extensions.Diagnostics.Telemetry.csproj", "{6BCF181C-1BAA-4B9C-8E32-EB46409CDF01}"
EndProject
Project("{FAE04EC0-301F-11D3-BF4B-00C04F79EFBC}") = "Motor.Extensions.ContentEncoding.Abstractions", "src\Motor.Extensions.ContentEncoding.Abstractions\Motor.Extensions.ContentEncoding.Abstractions.csproj", "{EDCD789B-FD17-449E-80D5-70E6E93F35F1}"
EndProject
Project("{FAE04EC0-301F-11D3-BF4B-00C04F79EFBC}") = "Motor.Extensions.ContentEncoding.Gzip_UnitTest", "test\Motor.Extensions.ContentEncoding.Gzip_UnitTest\Motor.Extensions.ContentEncoding.Gzip_UnitTest.csproj", "{7A219941-ABC1-4586-9C6E-8D268D13F96F}"
EndProject
Project("{FAE04EC0-301F-11D3-BF4B-00C04F79EFBC}") = "Motor.Extensions.ContentEncoding.Abstractions_UnitTest", "test\Motor.Extensions.ContentEncoding.Abstractions_UnitTest\Motor.Extensions.ContentEncoding.Abstractions_UnitTest.csproj", "{C1385EB8-4F54-4869-83A0-72D85A5E986C}"
EndProject
Project("{FAE04EC0-301F-11D3-BF4B-00C04F79EFBC}") = "Motor.Extensions.Diagnostics.Queue.Abstractions", "src\Motor.Extensions.Diagnostics.Queue.Abstractions\Motor.Extensions.Diagnostics.Queue.Abstractions.csproj", "{67271302-6660-4B59-A478-409E3012EFB9}"
EndProject
Project("{FAE04EC0-301F-11D3-BF4B-00C04F79EFBC}") = "Motor.Extensions.Diagnostics.Queue.Metrics", "src\Motor.Extensions.Diagnostics.Queue.Metrics\Motor.Extensions.Diagnostics.Queue.Metrics.csproj", "{B2A23024-1C00-4946-836A-5135E520D823}"
EndProject
Project("{FAE04EC0-301F-11D3-BF4B-00C04F79EFBC}") = "Motor.Extensions.Hosting.CloudEvents", "src\Motor.Extensions.Hosting.CloudEvents\Motor.Extensions.Hosting.CloudEvents.csproj", "{87818839-601A-4D13-ADDC-368E2D4684C7}"
EndProject
Project("{FAE04EC0-301F-11D3-BF4B-00C04F79EFBC}") = "Motor.Extensions.ContentEncoding.Gzip", "src\Motor.Extensions.ContentEncoding.Gzip\Motor.Extensions.ContentEncoding.Gzip.csproj", "{3417B7EB-04AD-4C52-B2A5-0817C1D44196}"
EndProject
Project("{FAE04EC0-301F-11D3-BF4B-00C04F79EFBC}") = "Motor.Extensions.Hosting.NATS", "src\Motor.Extensions.Hosting.NATS\Motor.Extensions.Hosting.NATS.csproj", "{1982BC61-EAE7-4321-A37B-3C9E3CFC83C8}"
EndProject
Project("{FAE04EC0-301F-11D3-BF4B-00C04F79EFBC}") = "Motor.Extensions.Hosting.NATS_IntegrationTest", "test\Motor.Extensions.Hosting.NATS_IntegrationTest\Motor.Extensions.Hosting.NATS_IntegrationTest.csproj", "{7A901315-9B01-4757-8F28-EC26BA0DBF1A}"
EndProject
Project("{FAE04EC0-301F-11D3-BF4B-00C04F79EFBC}") = "ConsumeNATS", "examples\ConsumeNATS\ConsumeNATS.csproj", "{1DDFCB68-B1B3-4A77-A00C-EC51F260F08A}"
EndProject
Global
	GlobalSection(SolutionConfigurationPlatforms) = preSolution
		Debug|Any CPU = Debug|Any CPU
		Debug|x64 = Debug|x64
		Debug|x86 = Debug|x86
		Release|Any CPU = Release|Any CPU
		Release|x64 = Release|x64
		Release|x86 = Release|x86
	EndGlobalSection
	GlobalSection(ProjectConfigurationPlatforms) = postSolution
		{29797CA7-CF31-4A11-B2DF-FB5F5525493E}.Debug|Any CPU.ActiveCfg = Debug|Any CPU
		{29797CA7-CF31-4A11-B2DF-FB5F5525493E}.Debug|Any CPU.Build.0 = Debug|Any CPU
		{29797CA7-CF31-4A11-B2DF-FB5F5525493E}.Debug|x64.ActiveCfg = Debug|Any CPU
		{29797CA7-CF31-4A11-B2DF-FB5F5525493E}.Debug|x64.Build.0 = Debug|Any CPU
		{29797CA7-CF31-4A11-B2DF-FB5F5525493E}.Debug|x86.ActiveCfg = Debug|Any CPU
		{29797CA7-CF31-4A11-B2DF-FB5F5525493E}.Debug|x86.Build.0 = Debug|Any CPU
		{29797CA7-CF31-4A11-B2DF-FB5F5525493E}.Release|Any CPU.ActiveCfg = Release|Any CPU
		{29797CA7-CF31-4A11-B2DF-FB5F5525493E}.Release|Any CPU.Build.0 = Release|Any CPU
		{29797CA7-CF31-4A11-B2DF-FB5F5525493E}.Release|x64.ActiveCfg = Release|Any CPU
		{29797CA7-CF31-4A11-B2DF-FB5F5525493E}.Release|x64.Build.0 = Release|Any CPU
		{29797CA7-CF31-4A11-B2DF-FB5F5525493E}.Release|x86.ActiveCfg = Release|Any CPU
		{29797CA7-CF31-4A11-B2DF-FB5F5525493E}.Release|x86.Build.0 = Release|Any CPU
		{EB325644-8AAF-43A2-9889-7C073BF53304}.Debug|Any CPU.ActiveCfg = Debug|Any CPU
		{EB325644-8AAF-43A2-9889-7C073BF53304}.Debug|Any CPU.Build.0 = Debug|Any CPU
		{EB325644-8AAF-43A2-9889-7C073BF53304}.Debug|x64.ActiveCfg = Debug|Any CPU
		{EB325644-8AAF-43A2-9889-7C073BF53304}.Debug|x64.Build.0 = Debug|Any CPU
		{EB325644-8AAF-43A2-9889-7C073BF53304}.Debug|x86.ActiveCfg = Debug|Any CPU
		{EB325644-8AAF-43A2-9889-7C073BF53304}.Debug|x86.Build.0 = Debug|Any CPU
		{EB325644-8AAF-43A2-9889-7C073BF53304}.Release|Any CPU.ActiveCfg = Release|Any CPU
		{EB325644-8AAF-43A2-9889-7C073BF53304}.Release|Any CPU.Build.0 = Release|Any CPU
		{EB325644-8AAF-43A2-9889-7C073BF53304}.Release|x64.ActiveCfg = Release|Any CPU
		{EB325644-8AAF-43A2-9889-7C073BF53304}.Release|x64.Build.0 = Release|Any CPU
		{EB325644-8AAF-43A2-9889-7C073BF53304}.Release|x86.ActiveCfg = Release|Any CPU
		{EB325644-8AAF-43A2-9889-7C073BF53304}.Release|x86.Build.0 = Release|Any CPU
		{10042657-E486-4BDD-BBC3-0205D08DAB67}.Debug|Any CPU.ActiveCfg = Debug|Any CPU
		{10042657-E486-4BDD-BBC3-0205D08DAB67}.Debug|Any CPU.Build.0 = Debug|Any CPU
		{10042657-E486-4BDD-BBC3-0205D08DAB67}.Debug|x64.ActiveCfg = Debug|Any CPU
		{10042657-E486-4BDD-BBC3-0205D08DAB67}.Debug|x64.Build.0 = Debug|Any CPU
		{10042657-E486-4BDD-BBC3-0205D08DAB67}.Debug|x86.ActiveCfg = Debug|Any CPU
		{10042657-E486-4BDD-BBC3-0205D08DAB67}.Debug|x86.Build.0 = Debug|Any CPU
		{10042657-E486-4BDD-BBC3-0205D08DAB67}.Release|Any CPU.ActiveCfg = Release|Any CPU
		{10042657-E486-4BDD-BBC3-0205D08DAB67}.Release|Any CPU.Build.0 = Release|Any CPU
		{10042657-E486-4BDD-BBC3-0205D08DAB67}.Release|x64.ActiveCfg = Release|Any CPU
		{10042657-E486-4BDD-BBC3-0205D08DAB67}.Release|x64.Build.0 = Release|Any CPU
		{10042657-E486-4BDD-BBC3-0205D08DAB67}.Release|x86.ActiveCfg = Release|Any CPU
		{10042657-E486-4BDD-BBC3-0205D08DAB67}.Release|x86.Build.0 = Release|Any CPU
		{DE577893-D908-499C-83E8-E0EE578E7A2C}.Debug|Any CPU.ActiveCfg = Debug|Any CPU
		{DE577893-D908-499C-83E8-E0EE578E7A2C}.Debug|Any CPU.Build.0 = Debug|Any CPU
		{DE577893-D908-499C-83E8-E0EE578E7A2C}.Debug|x64.ActiveCfg = Debug|Any CPU
		{DE577893-D908-499C-83E8-E0EE578E7A2C}.Debug|x64.Build.0 = Debug|Any CPU
		{DE577893-D908-499C-83E8-E0EE578E7A2C}.Debug|x86.ActiveCfg = Debug|Any CPU
		{DE577893-D908-499C-83E8-E0EE578E7A2C}.Debug|x86.Build.0 = Debug|Any CPU
		{DE577893-D908-499C-83E8-E0EE578E7A2C}.Release|Any CPU.ActiveCfg = Release|Any CPU
		{DE577893-D908-499C-83E8-E0EE578E7A2C}.Release|Any CPU.Build.0 = Release|Any CPU
		{DE577893-D908-499C-83E8-E0EE578E7A2C}.Release|x64.ActiveCfg = Release|Any CPU
		{DE577893-D908-499C-83E8-E0EE578E7A2C}.Release|x64.Build.0 = Release|Any CPU
		{DE577893-D908-499C-83E8-E0EE578E7A2C}.Release|x86.ActiveCfg = Release|Any CPU
		{DE577893-D908-499C-83E8-E0EE578E7A2C}.Release|x86.Build.0 = Release|Any CPU
		{C3C8328A-2E11-4B19-A5C2-7A65672FDC6E}.Debug|Any CPU.ActiveCfg = Debug|Any CPU
		{C3C8328A-2E11-4B19-A5C2-7A65672FDC6E}.Debug|Any CPU.Build.0 = Debug|Any CPU
		{C3C8328A-2E11-4B19-A5C2-7A65672FDC6E}.Debug|x64.ActiveCfg = Debug|Any CPU
		{C3C8328A-2E11-4B19-A5C2-7A65672FDC6E}.Debug|x64.Build.0 = Debug|Any CPU
		{C3C8328A-2E11-4B19-A5C2-7A65672FDC6E}.Debug|x86.ActiveCfg = Debug|Any CPU
		{C3C8328A-2E11-4B19-A5C2-7A65672FDC6E}.Debug|x86.Build.0 = Debug|Any CPU
		{C3C8328A-2E11-4B19-A5C2-7A65672FDC6E}.Release|Any CPU.ActiveCfg = Release|Any CPU
		{C3C8328A-2E11-4B19-A5C2-7A65672FDC6E}.Release|Any CPU.Build.0 = Release|Any CPU
		{C3C8328A-2E11-4B19-A5C2-7A65672FDC6E}.Release|x64.ActiveCfg = Release|Any CPU
		{C3C8328A-2E11-4B19-A5C2-7A65672FDC6E}.Release|x64.Build.0 = Release|Any CPU
		{C3C8328A-2E11-4B19-A5C2-7A65672FDC6E}.Release|x86.ActiveCfg = Release|Any CPU
		{C3C8328A-2E11-4B19-A5C2-7A65672FDC6E}.Release|x86.Build.0 = Release|Any CPU
		{7117678F-36F5-4354-BDA2-A8C1C112C0F9}.Debug|Any CPU.ActiveCfg = Debug|Any CPU
		{7117678F-36F5-4354-BDA2-A8C1C112C0F9}.Debug|Any CPU.Build.0 = Debug|Any CPU
		{7117678F-36F5-4354-BDA2-A8C1C112C0F9}.Debug|x64.ActiveCfg = Debug|Any CPU
		{7117678F-36F5-4354-BDA2-A8C1C112C0F9}.Debug|x64.Build.0 = Debug|Any CPU
		{7117678F-36F5-4354-BDA2-A8C1C112C0F9}.Debug|x86.ActiveCfg = Debug|Any CPU
		{7117678F-36F5-4354-BDA2-A8C1C112C0F9}.Debug|x86.Build.0 = Debug|Any CPU
		{7117678F-36F5-4354-BDA2-A8C1C112C0F9}.Release|Any CPU.ActiveCfg = Release|Any CPU
		{7117678F-36F5-4354-BDA2-A8C1C112C0F9}.Release|Any CPU.Build.0 = Release|Any CPU
		{7117678F-36F5-4354-BDA2-A8C1C112C0F9}.Release|x64.ActiveCfg = Release|Any CPU
		{7117678F-36F5-4354-BDA2-A8C1C112C0F9}.Release|x64.Build.0 = Release|Any CPU
		{7117678F-36F5-4354-BDA2-A8C1C112C0F9}.Release|x86.ActiveCfg = Release|Any CPU
		{7117678F-36F5-4354-BDA2-A8C1C112C0F9}.Release|x86.Build.0 = Release|Any CPU
		{3EE72664-2F9B-4EB4-BF89-65D817E78719}.Debug|Any CPU.ActiveCfg = Debug|Any CPU
		{3EE72664-2F9B-4EB4-BF89-65D817E78719}.Debug|Any CPU.Build.0 = Debug|Any CPU
		{3EE72664-2F9B-4EB4-BF89-65D817E78719}.Debug|x64.ActiveCfg = Debug|Any CPU
		{3EE72664-2F9B-4EB4-BF89-65D817E78719}.Debug|x64.Build.0 = Debug|Any CPU
		{3EE72664-2F9B-4EB4-BF89-65D817E78719}.Debug|x86.ActiveCfg = Debug|Any CPU
		{3EE72664-2F9B-4EB4-BF89-65D817E78719}.Debug|x86.Build.0 = Debug|Any CPU
		{3EE72664-2F9B-4EB4-BF89-65D817E78719}.Release|Any CPU.ActiveCfg = Release|Any CPU
		{3EE72664-2F9B-4EB4-BF89-65D817E78719}.Release|Any CPU.Build.0 = Release|Any CPU
		{3EE72664-2F9B-4EB4-BF89-65D817E78719}.Release|x64.ActiveCfg = Release|Any CPU
		{3EE72664-2F9B-4EB4-BF89-65D817E78719}.Release|x64.Build.0 = Release|Any CPU
		{3EE72664-2F9B-4EB4-BF89-65D817E78719}.Release|x86.ActiveCfg = Release|Any CPU
		{3EE72664-2F9B-4EB4-BF89-65D817E78719}.Release|x86.Build.0 = Release|Any CPU
		{33D0839C-26E8-4EF9-90EE-26DDD39C5EB1}.Debug|Any CPU.ActiveCfg = Debug|Any CPU
		{33D0839C-26E8-4EF9-90EE-26DDD39C5EB1}.Debug|Any CPU.Build.0 = Debug|Any CPU
		{33D0839C-26E8-4EF9-90EE-26DDD39C5EB1}.Debug|x64.ActiveCfg = Debug|Any CPU
		{33D0839C-26E8-4EF9-90EE-26DDD39C5EB1}.Debug|x64.Build.0 = Debug|Any CPU
		{33D0839C-26E8-4EF9-90EE-26DDD39C5EB1}.Debug|x86.ActiveCfg = Debug|Any CPU
		{33D0839C-26E8-4EF9-90EE-26DDD39C5EB1}.Debug|x86.Build.0 = Debug|Any CPU
		{33D0839C-26E8-4EF9-90EE-26DDD39C5EB1}.Release|Any CPU.ActiveCfg = Release|Any CPU
		{33D0839C-26E8-4EF9-90EE-26DDD39C5EB1}.Release|Any CPU.Build.0 = Release|Any CPU
		{33D0839C-26E8-4EF9-90EE-26DDD39C5EB1}.Release|x64.ActiveCfg = Release|Any CPU
		{33D0839C-26E8-4EF9-90EE-26DDD39C5EB1}.Release|x64.Build.0 = Release|Any CPU
		{33D0839C-26E8-4EF9-90EE-26DDD39C5EB1}.Release|x86.ActiveCfg = Release|Any CPU
		{33D0839C-26E8-4EF9-90EE-26DDD39C5EB1}.Release|x86.Build.0 = Release|Any CPU
		{36EEC52A-6F25-4CA2-9A4E-34FDAAF11E2F}.Debug|Any CPU.ActiveCfg = Debug|Any CPU
		{36EEC52A-6F25-4CA2-9A4E-34FDAAF11E2F}.Debug|Any CPU.Build.0 = Debug|Any CPU
		{36EEC52A-6F25-4CA2-9A4E-34FDAAF11E2F}.Debug|x64.ActiveCfg = Debug|Any CPU
		{36EEC52A-6F25-4CA2-9A4E-34FDAAF11E2F}.Debug|x64.Build.0 = Debug|Any CPU
		{36EEC52A-6F25-4CA2-9A4E-34FDAAF11E2F}.Debug|x86.ActiveCfg = Debug|Any CPU
		{36EEC52A-6F25-4CA2-9A4E-34FDAAF11E2F}.Debug|x86.Build.0 = Debug|Any CPU
		{36EEC52A-6F25-4CA2-9A4E-34FDAAF11E2F}.Release|Any CPU.ActiveCfg = Release|Any CPU
		{36EEC52A-6F25-4CA2-9A4E-34FDAAF11E2F}.Release|Any CPU.Build.0 = Release|Any CPU
		{36EEC52A-6F25-4CA2-9A4E-34FDAAF11E2F}.Release|x64.ActiveCfg = Release|Any CPU
		{36EEC52A-6F25-4CA2-9A4E-34FDAAF11E2F}.Release|x64.Build.0 = Release|Any CPU
		{36EEC52A-6F25-4CA2-9A4E-34FDAAF11E2F}.Release|x86.ActiveCfg = Release|Any CPU
		{36EEC52A-6F25-4CA2-9A4E-34FDAAF11E2F}.Release|x86.Build.0 = Release|Any CPU
		{F0FBD736-A0EA-442C-9B73-90AF26593899}.Debug|Any CPU.ActiveCfg = Debug|Any CPU
		{F0FBD736-A0EA-442C-9B73-90AF26593899}.Debug|Any CPU.Build.0 = Debug|Any CPU
		{F0FBD736-A0EA-442C-9B73-90AF26593899}.Debug|x64.ActiveCfg = Debug|Any CPU
		{F0FBD736-A0EA-442C-9B73-90AF26593899}.Debug|x64.Build.0 = Debug|Any CPU
		{F0FBD736-A0EA-442C-9B73-90AF26593899}.Debug|x86.ActiveCfg = Debug|Any CPU
		{F0FBD736-A0EA-442C-9B73-90AF26593899}.Debug|x86.Build.0 = Debug|Any CPU
		{F0FBD736-A0EA-442C-9B73-90AF26593899}.Release|Any CPU.ActiveCfg = Release|Any CPU
		{F0FBD736-A0EA-442C-9B73-90AF26593899}.Release|Any CPU.Build.0 = Release|Any CPU
		{F0FBD736-A0EA-442C-9B73-90AF26593899}.Release|x64.ActiveCfg = Release|Any CPU
		{F0FBD736-A0EA-442C-9B73-90AF26593899}.Release|x64.Build.0 = Release|Any CPU
		{F0FBD736-A0EA-442C-9B73-90AF26593899}.Release|x86.ActiveCfg = Release|Any CPU
		{F0FBD736-A0EA-442C-9B73-90AF26593899}.Release|x86.Build.0 = Release|Any CPU
		{77261F3E-7046-47F7-B5EF-280EF8AAA473}.Debug|Any CPU.ActiveCfg = Debug|Any CPU
		{77261F3E-7046-47F7-B5EF-280EF8AAA473}.Debug|Any CPU.Build.0 = Debug|Any CPU
		{77261F3E-7046-47F7-B5EF-280EF8AAA473}.Debug|x64.ActiveCfg = Debug|Any CPU
		{77261F3E-7046-47F7-B5EF-280EF8AAA473}.Debug|x64.Build.0 = Debug|Any CPU
		{77261F3E-7046-47F7-B5EF-280EF8AAA473}.Debug|x86.ActiveCfg = Debug|Any CPU
		{77261F3E-7046-47F7-B5EF-280EF8AAA473}.Debug|x86.Build.0 = Debug|Any CPU
		{77261F3E-7046-47F7-B5EF-280EF8AAA473}.Release|Any CPU.ActiveCfg = Release|Any CPU
		{77261F3E-7046-47F7-B5EF-280EF8AAA473}.Release|Any CPU.Build.0 = Release|Any CPU
		{77261F3E-7046-47F7-B5EF-280EF8AAA473}.Release|x64.ActiveCfg = Release|Any CPU
		{77261F3E-7046-47F7-B5EF-280EF8AAA473}.Release|x64.Build.0 = Release|Any CPU
		{77261F3E-7046-47F7-B5EF-280EF8AAA473}.Release|x86.ActiveCfg = Release|Any CPU
		{77261F3E-7046-47F7-B5EF-280EF8AAA473}.Release|x86.Build.0 = Release|Any CPU
		{C52FA36E-7553-4859-9B8A-932043651D6B}.Debug|Any CPU.ActiveCfg = Debug|Any CPU
		{C52FA36E-7553-4859-9B8A-932043651D6B}.Debug|Any CPU.Build.0 = Debug|Any CPU
		{C52FA36E-7553-4859-9B8A-932043651D6B}.Debug|x64.ActiveCfg = Debug|Any CPU
		{C52FA36E-7553-4859-9B8A-932043651D6B}.Debug|x64.Build.0 = Debug|Any CPU
		{C52FA36E-7553-4859-9B8A-932043651D6B}.Debug|x86.ActiveCfg = Debug|Any CPU
		{C52FA36E-7553-4859-9B8A-932043651D6B}.Debug|x86.Build.0 = Debug|Any CPU
		{C52FA36E-7553-4859-9B8A-932043651D6B}.Release|Any CPU.ActiveCfg = Release|Any CPU
		{C52FA36E-7553-4859-9B8A-932043651D6B}.Release|Any CPU.Build.0 = Release|Any CPU
		{C52FA36E-7553-4859-9B8A-932043651D6B}.Release|x64.ActiveCfg = Release|Any CPU
		{C52FA36E-7553-4859-9B8A-932043651D6B}.Release|x64.Build.0 = Release|Any CPU
		{C52FA36E-7553-4859-9B8A-932043651D6B}.Release|x86.ActiveCfg = Release|Any CPU
		{C52FA36E-7553-4859-9B8A-932043651D6B}.Release|x86.Build.0 = Release|Any CPU
		{B364E602-CF9A-484F-A421-9DBC9D6917FA}.Debug|Any CPU.ActiveCfg = Debug|Any CPU
		{B364E602-CF9A-484F-A421-9DBC9D6917FA}.Debug|Any CPU.Build.0 = Debug|Any CPU
		{B364E602-CF9A-484F-A421-9DBC9D6917FA}.Debug|x64.ActiveCfg = Debug|Any CPU
		{B364E602-CF9A-484F-A421-9DBC9D6917FA}.Debug|x64.Build.0 = Debug|Any CPU
		{B364E602-CF9A-484F-A421-9DBC9D6917FA}.Debug|x86.ActiveCfg = Debug|Any CPU
		{B364E602-CF9A-484F-A421-9DBC9D6917FA}.Debug|x86.Build.0 = Debug|Any CPU
		{B364E602-CF9A-484F-A421-9DBC9D6917FA}.Release|Any CPU.ActiveCfg = Release|Any CPU
		{B364E602-CF9A-484F-A421-9DBC9D6917FA}.Release|Any CPU.Build.0 = Release|Any CPU
		{B364E602-CF9A-484F-A421-9DBC9D6917FA}.Release|x64.ActiveCfg = Release|Any CPU
		{B364E602-CF9A-484F-A421-9DBC9D6917FA}.Release|x64.Build.0 = Release|Any CPU
		{B364E602-CF9A-484F-A421-9DBC9D6917FA}.Release|x86.ActiveCfg = Release|Any CPU
		{B364E602-CF9A-484F-A421-9DBC9D6917FA}.Release|x86.Build.0 = Release|Any CPU
		{5AE9AAC5-18D7-4FC3-9711-3C9EBCB6E52E}.Debug|Any CPU.ActiveCfg = Debug|Any CPU
		{5AE9AAC5-18D7-4FC3-9711-3C9EBCB6E52E}.Debug|Any CPU.Build.0 = Debug|Any CPU
		{5AE9AAC5-18D7-4FC3-9711-3C9EBCB6E52E}.Debug|x64.ActiveCfg = Debug|Any CPU
		{5AE9AAC5-18D7-4FC3-9711-3C9EBCB6E52E}.Debug|x64.Build.0 = Debug|Any CPU
		{5AE9AAC5-18D7-4FC3-9711-3C9EBCB6E52E}.Debug|x86.ActiveCfg = Debug|Any CPU
		{5AE9AAC5-18D7-4FC3-9711-3C9EBCB6E52E}.Debug|x86.Build.0 = Debug|Any CPU
		{5AE9AAC5-18D7-4FC3-9711-3C9EBCB6E52E}.Release|Any CPU.ActiveCfg = Release|Any CPU
		{5AE9AAC5-18D7-4FC3-9711-3C9EBCB6E52E}.Release|Any CPU.Build.0 = Release|Any CPU
		{5AE9AAC5-18D7-4FC3-9711-3C9EBCB6E52E}.Release|x64.ActiveCfg = Release|Any CPU
		{5AE9AAC5-18D7-4FC3-9711-3C9EBCB6E52E}.Release|x64.Build.0 = Release|Any CPU
		{5AE9AAC5-18D7-4FC3-9711-3C9EBCB6E52E}.Release|x86.ActiveCfg = Release|Any CPU
		{5AE9AAC5-18D7-4FC3-9711-3C9EBCB6E52E}.Release|x86.Build.0 = Release|Any CPU
		{B3AAD2F2-E087-4141-B810-57FDACF65AA0}.Debug|Any CPU.ActiveCfg = Debug|Any CPU
		{B3AAD2F2-E087-4141-B810-57FDACF65AA0}.Debug|Any CPU.Build.0 = Debug|Any CPU
		{B3AAD2F2-E087-4141-B810-57FDACF65AA0}.Debug|x64.ActiveCfg = Debug|Any CPU
		{B3AAD2F2-E087-4141-B810-57FDACF65AA0}.Debug|x64.Build.0 = Debug|Any CPU
		{B3AAD2F2-E087-4141-B810-57FDACF65AA0}.Debug|x86.ActiveCfg = Debug|Any CPU
		{B3AAD2F2-E087-4141-B810-57FDACF65AA0}.Debug|x86.Build.0 = Debug|Any CPU
		{B3AAD2F2-E087-4141-B810-57FDACF65AA0}.Release|Any CPU.ActiveCfg = Release|Any CPU
		{B3AAD2F2-E087-4141-B810-57FDACF65AA0}.Release|Any CPU.Build.0 = Release|Any CPU
		{B3AAD2F2-E087-4141-B810-57FDACF65AA0}.Release|x64.ActiveCfg = Release|Any CPU
		{B3AAD2F2-E087-4141-B810-57FDACF65AA0}.Release|x64.Build.0 = Release|Any CPU
		{B3AAD2F2-E087-4141-B810-57FDACF65AA0}.Release|x86.ActiveCfg = Release|Any CPU
		{B3AAD2F2-E087-4141-B810-57FDACF65AA0}.Release|x86.Build.0 = Release|Any CPU
		{84835EF8-D772-44A5-A554-3A2F4AD3643D}.Debug|Any CPU.ActiveCfg = Debug|Any CPU
		{84835EF8-D772-44A5-A554-3A2F4AD3643D}.Debug|Any CPU.Build.0 = Debug|Any CPU
		{84835EF8-D772-44A5-A554-3A2F4AD3643D}.Debug|x64.ActiveCfg = Debug|Any CPU
		{84835EF8-D772-44A5-A554-3A2F4AD3643D}.Debug|x64.Build.0 = Debug|Any CPU
		{84835EF8-D772-44A5-A554-3A2F4AD3643D}.Debug|x86.ActiveCfg = Debug|Any CPU
		{84835EF8-D772-44A5-A554-3A2F4AD3643D}.Debug|x86.Build.0 = Debug|Any CPU
		{84835EF8-D772-44A5-A554-3A2F4AD3643D}.Release|Any CPU.ActiveCfg = Release|Any CPU
		{84835EF8-D772-44A5-A554-3A2F4AD3643D}.Release|Any CPU.Build.0 = Release|Any CPU
		{84835EF8-D772-44A5-A554-3A2F4AD3643D}.Release|x64.ActiveCfg = Release|Any CPU
		{84835EF8-D772-44A5-A554-3A2F4AD3643D}.Release|x64.Build.0 = Release|Any CPU
		{84835EF8-D772-44A5-A554-3A2F4AD3643D}.Release|x86.ActiveCfg = Release|Any CPU
		{84835EF8-D772-44A5-A554-3A2F4AD3643D}.Release|x86.Build.0 = Release|Any CPU
		{2196CACB-D711-49E8-8CF2-3C891C15FF72}.Debug|Any CPU.ActiveCfg = Debug|Any CPU
		{2196CACB-D711-49E8-8CF2-3C891C15FF72}.Debug|Any CPU.Build.0 = Debug|Any CPU
		{2196CACB-D711-49E8-8CF2-3C891C15FF72}.Debug|x64.ActiveCfg = Debug|Any CPU
		{2196CACB-D711-49E8-8CF2-3C891C15FF72}.Debug|x64.Build.0 = Debug|Any CPU
		{2196CACB-D711-49E8-8CF2-3C891C15FF72}.Debug|x86.ActiveCfg = Debug|Any CPU
		{2196CACB-D711-49E8-8CF2-3C891C15FF72}.Debug|x86.Build.0 = Debug|Any CPU
		{2196CACB-D711-49E8-8CF2-3C891C15FF72}.Release|Any CPU.ActiveCfg = Release|Any CPU
		{2196CACB-D711-49E8-8CF2-3C891C15FF72}.Release|Any CPU.Build.0 = Release|Any CPU
		{2196CACB-D711-49E8-8CF2-3C891C15FF72}.Release|x64.ActiveCfg = Release|Any CPU
		{2196CACB-D711-49E8-8CF2-3C891C15FF72}.Release|x64.Build.0 = Release|Any CPU
		{2196CACB-D711-49E8-8CF2-3C891C15FF72}.Release|x86.ActiveCfg = Release|Any CPU
		{2196CACB-D711-49E8-8CF2-3C891C15FF72}.Release|x86.Build.0 = Release|Any CPU
		{EBB863B1-3FA4-48BE-BAA3-84EA26EC4E03}.Debug|Any CPU.ActiveCfg = Debug|Any CPU
		{EBB863B1-3FA4-48BE-BAA3-84EA26EC4E03}.Debug|Any CPU.Build.0 = Debug|Any CPU
		{EBB863B1-3FA4-48BE-BAA3-84EA26EC4E03}.Debug|x64.ActiveCfg = Debug|Any CPU
		{EBB863B1-3FA4-48BE-BAA3-84EA26EC4E03}.Debug|x64.Build.0 = Debug|Any CPU
		{EBB863B1-3FA4-48BE-BAA3-84EA26EC4E03}.Debug|x86.ActiveCfg = Debug|Any CPU
		{EBB863B1-3FA4-48BE-BAA3-84EA26EC4E03}.Debug|x86.Build.0 = Debug|Any CPU
		{EBB863B1-3FA4-48BE-BAA3-84EA26EC4E03}.Release|Any CPU.ActiveCfg = Release|Any CPU
		{EBB863B1-3FA4-48BE-BAA3-84EA26EC4E03}.Release|Any CPU.Build.0 = Release|Any CPU
		{EBB863B1-3FA4-48BE-BAA3-84EA26EC4E03}.Release|x64.ActiveCfg = Release|Any CPU
		{EBB863B1-3FA4-48BE-BAA3-84EA26EC4E03}.Release|x64.Build.0 = Release|Any CPU
		{EBB863B1-3FA4-48BE-BAA3-84EA26EC4E03}.Release|x86.ActiveCfg = Release|Any CPU
		{EBB863B1-3FA4-48BE-BAA3-84EA26EC4E03}.Release|x86.Build.0 = Release|Any CPU
		{6DCDAA6E-DF2C-491A-954A-B5537445B39F}.Debug|Any CPU.ActiveCfg = Debug|Any CPU
		{6DCDAA6E-DF2C-491A-954A-B5537445B39F}.Debug|Any CPU.Build.0 = Debug|Any CPU
		{6DCDAA6E-DF2C-491A-954A-B5537445B39F}.Debug|x64.ActiveCfg = Debug|Any CPU
		{6DCDAA6E-DF2C-491A-954A-B5537445B39F}.Debug|x64.Build.0 = Debug|Any CPU
		{6DCDAA6E-DF2C-491A-954A-B5537445B39F}.Debug|x86.ActiveCfg = Debug|Any CPU
		{6DCDAA6E-DF2C-491A-954A-B5537445B39F}.Debug|x86.Build.0 = Debug|Any CPU
		{6DCDAA6E-DF2C-491A-954A-B5537445B39F}.Release|Any CPU.ActiveCfg = Release|Any CPU
		{6DCDAA6E-DF2C-491A-954A-B5537445B39F}.Release|Any CPU.Build.0 = Release|Any CPU
		{6DCDAA6E-DF2C-491A-954A-B5537445B39F}.Release|x64.ActiveCfg = Release|Any CPU
		{6DCDAA6E-DF2C-491A-954A-B5537445B39F}.Release|x64.Build.0 = Release|Any CPU
		{6DCDAA6E-DF2C-491A-954A-B5537445B39F}.Release|x86.ActiveCfg = Release|Any CPU
		{6DCDAA6E-DF2C-491A-954A-B5537445B39F}.Release|x86.Build.0 = Release|Any CPU
		{D9C37DBE-8B2B-4A99-BD5E-1CC1EEB01046}.Debug|Any CPU.ActiveCfg = Debug|Any CPU
		{D9C37DBE-8B2B-4A99-BD5E-1CC1EEB01046}.Debug|Any CPU.Build.0 = Debug|Any CPU
		{D9C37DBE-8B2B-4A99-BD5E-1CC1EEB01046}.Debug|x64.ActiveCfg = Debug|Any CPU
		{D9C37DBE-8B2B-4A99-BD5E-1CC1EEB01046}.Debug|x64.Build.0 = Debug|Any CPU
		{D9C37DBE-8B2B-4A99-BD5E-1CC1EEB01046}.Debug|x86.ActiveCfg = Debug|Any CPU
		{D9C37DBE-8B2B-4A99-BD5E-1CC1EEB01046}.Debug|x86.Build.0 = Debug|Any CPU
		{D9C37DBE-8B2B-4A99-BD5E-1CC1EEB01046}.Release|Any CPU.ActiveCfg = Release|Any CPU
		{D9C37DBE-8B2B-4A99-BD5E-1CC1EEB01046}.Release|Any CPU.Build.0 = Release|Any CPU
		{D9C37DBE-8B2B-4A99-BD5E-1CC1EEB01046}.Release|x64.ActiveCfg = Release|Any CPU
		{D9C37DBE-8B2B-4A99-BD5E-1CC1EEB01046}.Release|x64.Build.0 = Release|Any CPU
		{D9C37DBE-8B2B-4A99-BD5E-1CC1EEB01046}.Release|x86.ActiveCfg = Release|Any CPU
		{D9C37DBE-8B2B-4A99-BD5E-1CC1EEB01046}.Release|x86.Build.0 = Release|Any CPU
		{9E3C28EF-1D84-4340-B79F-0AC1572F3B95}.Debug|Any CPU.ActiveCfg = Debug|Any CPU
		{9E3C28EF-1D84-4340-B79F-0AC1572F3B95}.Debug|Any CPU.Build.0 = Debug|Any CPU
		{9E3C28EF-1D84-4340-B79F-0AC1572F3B95}.Debug|x64.ActiveCfg = Debug|Any CPU
		{9E3C28EF-1D84-4340-B79F-0AC1572F3B95}.Debug|x64.Build.0 = Debug|Any CPU
		{9E3C28EF-1D84-4340-B79F-0AC1572F3B95}.Debug|x86.ActiveCfg = Debug|Any CPU
		{9E3C28EF-1D84-4340-B79F-0AC1572F3B95}.Debug|x86.Build.0 = Debug|Any CPU
		{9E3C28EF-1D84-4340-B79F-0AC1572F3B95}.Release|Any CPU.ActiveCfg = Release|Any CPU
		{9E3C28EF-1D84-4340-B79F-0AC1572F3B95}.Release|Any CPU.Build.0 = Release|Any CPU
		{9E3C28EF-1D84-4340-B79F-0AC1572F3B95}.Release|x64.ActiveCfg = Release|Any CPU
		{9E3C28EF-1D84-4340-B79F-0AC1572F3B95}.Release|x64.Build.0 = Release|Any CPU
		{9E3C28EF-1D84-4340-B79F-0AC1572F3B95}.Release|x86.ActiveCfg = Release|Any CPU
		{9E3C28EF-1D84-4340-B79F-0AC1572F3B95}.Release|x86.Build.0 = Release|Any CPU
		{3C34CB10-3FAE-430D-A11A-CEEAC0665AFE}.Debug|Any CPU.ActiveCfg = Debug|Any CPU
		{3C34CB10-3FAE-430D-A11A-CEEAC0665AFE}.Debug|Any CPU.Build.0 = Debug|Any CPU
		{3C34CB10-3FAE-430D-A11A-CEEAC0665AFE}.Debug|x64.ActiveCfg = Debug|Any CPU
		{3C34CB10-3FAE-430D-A11A-CEEAC0665AFE}.Debug|x64.Build.0 = Debug|Any CPU
		{3C34CB10-3FAE-430D-A11A-CEEAC0665AFE}.Debug|x86.ActiveCfg = Debug|Any CPU
		{3C34CB10-3FAE-430D-A11A-CEEAC0665AFE}.Debug|x86.Build.0 = Debug|Any CPU
		{3C34CB10-3FAE-430D-A11A-CEEAC0665AFE}.Release|Any CPU.ActiveCfg = Release|Any CPU
		{3C34CB10-3FAE-430D-A11A-CEEAC0665AFE}.Release|Any CPU.Build.0 = Release|Any CPU
		{3C34CB10-3FAE-430D-A11A-CEEAC0665AFE}.Release|x64.ActiveCfg = Release|Any CPU
		{3C34CB10-3FAE-430D-A11A-CEEAC0665AFE}.Release|x64.Build.0 = Release|Any CPU
		{3C34CB10-3FAE-430D-A11A-CEEAC0665AFE}.Release|x86.ActiveCfg = Release|Any CPU
		{3C34CB10-3FAE-430D-A11A-CEEAC0665AFE}.Release|x86.Build.0 = Release|Any CPU
		{60398EBC-B9C8-4FDD-BD0F-C0D2BD22CBD0}.Debug|Any CPU.ActiveCfg = Debug|Any CPU
		{60398EBC-B9C8-4FDD-BD0F-C0D2BD22CBD0}.Debug|Any CPU.Build.0 = Debug|Any CPU
		{60398EBC-B9C8-4FDD-BD0F-C0D2BD22CBD0}.Debug|x64.ActiveCfg = Debug|Any CPU
		{60398EBC-B9C8-4FDD-BD0F-C0D2BD22CBD0}.Debug|x64.Build.0 = Debug|Any CPU
		{60398EBC-B9C8-4FDD-BD0F-C0D2BD22CBD0}.Debug|x86.ActiveCfg = Debug|Any CPU
		{60398EBC-B9C8-4FDD-BD0F-C0D2BD22CBD0}.Debug|x86.Build.0 = Debug|Any CPU
		{60398EBC-B9C8-4FDD-BD0F-C0D2BD22CBD0}.Release|Any CPU.ActiveCfg = Release|Any CPU
		{60398EBC-B9C8-4FDD-BD0F-C0D2BD22CBD0}.Release|Any CPU.Build.0 = Release|Any CPU
		{60398EBC-B9C8-4FDD-BD0F-C0D2BD22CBD0}.Release|x64.ActiveCfg = Release|Any CPU
		{60398EBC-B9C8-4FDD-BD0F-C0D2BD22CBD0}.Release|x64.Build.0 = Release|Any CPU
		{60398EBC-B9C8-4FDD-BD0F-C0D2BD22CBD0}.Release|x86.ActiveCfg = Release|Any CPU
		{60398EBC-B9C8-4FDD-BD0F-C0D2BD22CBD0}.Release|x86.Build.0 = Release|Any CPU
		{7B38B0BC-DCC2-4206-A682-A97404824AB2}.Debug|Any CPU.ActiveCfg = Debug|Any CPU
		{7B38B0BC-DCC2-4206-A682-A97404824AB2}.Debug|Any CPU.Build.0 = Debug|Any CPU
		{7B38B0BC-DCC2-4206-A682-A97404824AB2}.Debug|x64.ActiveCfg = Debug|Any CPU
		{7B38B0BC-DCC2-4206-A682-A97404824AB2}.Debug|x64.Build.0 = Debug|Any CPU
		{7B38B0BC-DCC2-4206-A682-A97404824AB2}.Debug|x86.ActiveCfg = Debug|Any CPU
		{7B38B0BC-DCC2-4206-A682-A97404824AB2}.Debug|x86.Build.0 = Debug|Any CPU
		{7B38B0BC-DCC2-4206-A682-A97404824AB2}.Release|Any CPU.ActiveCfg = Release|Any CPU
		{7B38B0BC-DCC2-4206-A682-A97404824AB2}.Release|Any CPU.Build.0 = Release|Any CPU
		{7B38B0BC-DCC2-4206-A682-A97404824AB2}.Release|x64.ActiveCfg = Release|Any CPU
		{7B38B0BC-DCC2-4206-A682-A97404824AB2}.Release|x64.Build.0 = Release|Any CPU
		{7B38B0BC-DCC2-4206-A682-A97404824AB2}.Release|x86.ActiveCfg = Release|Any CPU
		{7B38B0BC-DCC2-4206-A682-A97404824AB2}.Release|x86.Build.0 = Release|Any CPU
		{A73CD6CB-B6BF-43E5-8966-AB3BD00FC3CD}.Debug|Any CPU.ActiveCfg = Debug|Any CPU
		{A73CD6CB-B6BF-43E5-8966-AB3BD00FC3CD}.Debug|Any CPU.Build.0 = Debug|Any CPU
		{A73CD6CB-B6BF-43E5-8966-AB3BD00FC3CD}.Debug|x64.ActiveCfg = Debug|Any CPU
		{A73CD6CB-B6BF-43E5-8966-AB3BD00FC3CD}.Debug|x64.Build.0 = Debug|Any CPU
		{A73CD6CB-B6BF-43E5-8966-AB3BD00FC3CD}.Debug|x86.ActiveCfg = Debug|Any CPU
		{A73CD6CB-B6BF-43E5-8966-AB3BD00FC3CD}.Debug|x86.Build.0 = Debug|Any CPU
		{A73CD6CB-B6BF-43E5-8966-AB3BD00FC3CD}.Release|Any CPU.ActiveCfg = Release|Any CPU
		{A73CD6CB-B6BF-43E5-8966-AB3BD00FC3CD}.Release|Any CPU.Build.0 = Release|Any CPU
		{A73CD6CB-B6BF-43E5-8966-AB3BD00FC3CD}.Release|x64.ActiveCfg = Release|Any CPU
		{A73CD6CB-B6BF-43E5-8966-AB3BD00FC3CD}.Release|x64.Build.0 = Release|Any CPU
		{A73CD6CB-B6BF-43E5-8966-AB3BD00FC3CD}.Release|x86.ActiveCfg = Release|Any CPU
		{A73CD6CB-B6BF-43E5-8966-AB3BD00FC3CD}.Release|x86.Build.0 = Release|Any CPU
		{68F5C4FF-E3DB-42B0-B609-50BED508CF79}.Debug|Any CPU.ActiveCfg = Debug|Any CPU
		{68F5C4FF-E3DB-42B0-B609-50BED508CF79}.Debug|Any CPU.Build.0 = Debug|Any CPU
		{68F5C4FF-E3DB-42B0-B609-50BED508CF79}.Debug|x64.ActiveCfg = Debug|Any CPU
		{68F5C4FF-E3DB-42B0-B609-50BED508CF79}.Debug|x64.Build.0 = Debug|Any CPU
		{68F5C4FF-E3DB-42B0-B609-50BED508CF79}.Debug|x86.ActiveCfg = Debug|Any CPU
		{68F5C4FF-E3DB-42B0-B609-50BED508CF79}.Debug|x86.Build.0 = Debug|Any CPU
		{68F5C4FF-E3DB-42B0-B609-50BED508CF79}.Release|Any CPU.ActiveCfg = Release|Any CPU
		{68F5C4FF-E3DB-42B0-B609-50BED508CF79}.Release|Any CPU.Build.0 = Release|Any CPU
		{68F5C4FF-E3DB-42B0-B609-50BED508CF79}.Release|x64.ActiveCfg = Release|Any CPU
		{68F5C4FF-E3DB-42B0-B609-50BED508CF79}.Release|x64.Build.0 = Release|Any CPU
		{68F5C4FF-E3DB-42B0-B609-50BED508CF79}.Release|x86.ActiveCfg = Release|Any CPU
		{68F5C4FF-E3DB-42B0-B609-50BED508CF79}.Release|x86.Build.0 = Release|Any CPU
		{F3B7CB58-C35A-4C2D-A1AE-9E4BFBEE782F}.Debug|Any CPU.ActiveCfg = Debug|Any CPU
		{F3B7CB58-C35A-4C2D-A1AE-9E4BFBEE782F}.Debug|Any CPU.Build.0 = Debug|Any CPU
		{F3B7CB58-C35A-4C2D-A1AE-9E4BFBEE782F}.Debug|x64.ActiveCfg = Debug|Any CPU
		{F3B7CB58-C35A-4C2D-A1AE-9E4BFBEE782F}.Debug|x64.Build.0 = Debug|Any CPU
		{F3B7CB58-C35A-4C2D-A1AE-9E4BFBEE782F}.Debug|x86.ActiveCfg = Debug|Any CPU
		{F3B7CB58-C35A-4C2D-A1AE-9E4BFBEE782F}.Debug|x86.Build.0 = Debug|Any CPU
		{F3B7CB58-C35A-4C2D-A1AE-9E4BFBEE782F}.Release|Any CPU.ActiveCfg = Release|Any CPU
		{F3B7CB58-C35A-4C2D-A1AE-9E4BFBEE782F}.Release|Any CPU.Build.0 = Release|Any CPU
		{F3B7CB58-C35A-4C2D-A1AE-9E4BFBEE782F}.Release|x64.ActiveCfg = Release|Any CPU
		{F3B7CB58-C35A-4C2D-A1AE-9E4BFBEE782F}.Release|x64.Build.0 = Release|Any CPU
		{F3B7CB58-C35A-4C2D-A1AE-9E4BFBEE782F}.Release|x86.ActiveCfg = Release|Any CPU
		{F3B7CB58-C35A-4C2D-A1AE-9E4BFBEE782F}.Release|x86.Build.0 = Release|Any CPU
		{211F2BFF-928F-4F90-B46A-CA6C61966416}.Debug|Any CPU.ActiveCfg = Debug|Any CPU
		{211F2BFF-928F-4F90-B46A-CA6C61966416}.Debug|Any CPU.Build.0 = Debug|Any CPU
		{211F2BFF-928F-4F90-B46A-CA6C61966416}.Debug|x64.ActiveCfg = Debug|Any CPU
		{211F2BFF-928F-4F90-B46A-CA6C61966416}.Debug|x64.Build.0 = Debug|Any CPU
		{211F2BFF-928F-4F90-B46A-CA6C61966416}.Debug|x86.ActiveCfg = Debug|Any CPU
		{211F2BFF-928F-4F90-B46A-CA6C61966416}.Debug|x86.Build.0 = Debug|Any CPU
		{211F2BFF-928F-4F90-B46A-CA6C61966416}.Release|Any CPU.ActiveCfg = Release|Any CPU
		{211F2BFF-928F-4F90-B46A-CA6C61966416}.Release|Any CPU.Build.0 = Release|Any CPU
		{211F2BFF-928F-4F90-B46A-CA6C61966416}.Release|x64.ActiveCfg = Release|Any CPU
		{211F2BFF-928F-4F90-B46A-CA6C61966416}.Release|x64.Build.0 = Release|Any CPU
		{211F2BFF-928F-4F90-B46A-CA6C61966416}.Release|x86.ActiveCfg = Release|Any CPU
		{211F2BFF-928F-4F90-B46A-CA6C61966416}.Release|x86.Build.0 = Release|Any CPU
		{CFEFA746-9E61-40AC-A266-392AA0F6EFAB}.Debug|Any CPU.ActiveCfg = Debug|Any CPU
		{CFEFA746-9E61-40AC-A266-392AA0F6EFAB}.Debug|Any CPU.Build.0 = Debug|Any CPU
		{CFEFA746-9E61-40AC-A266-392AA0F6EFAB}.Debug|x64.ActiveCfg = Debug|Any CPU
		{CFEFA746-9E61-40AC-A266-392AA0F6EFAB}.Debug|x64.Build.0 = Debug|Any CPU
		{CFEFA746-9E61-40AC-A266-392AA0F6EFAB}.Debug|x86.ActiveCfg = Debug|Any CPU
		{CFEFA746-9E61-40AC-A266-392AA0F6EFAB}.Debug|x86.Build.0 = Debug|Any CPU
		{CFEFA746-9E61-40AC-A266-392AA0F6EFAB}.Release|Any CPU.ActiveCfg = Release|Any CPU
		{CFEFA746-9E61-40AC-A266-392AA0F6EFAB}.Release|Any CPU.Build.0 = Release|Any CPU
		{CFEFA746-9E61-40AC-A266-392AA0F6EFAB}.Release|x64.ActiveCfg = Release|Any CPU
		{CFEFA746-9E61-40AC-A266-392AA0F6EFAB}.Release|x64.Build.0 = Release|Any CPU
		{CFEFA746-9E61-40AC-A266-392AA0F6EFAB}.Release|x86.ActiveCfg = Release|Any CPU
		{CFEFA746-9E61-40AC-A266-392AA0F6EFAB}.Release|x86.Build.0 = Release|Any CPU
		{1595E570-D495-41C8-BDAC-8DE71550A15A}.Debug|Any CPU.ActiveCfg = Debug|Any CPU
		{1595E570-D495-41C8-BDAC-8DE71550A15A}.Debug|Any CPU.Build.0 = Debug|Any CPU
		{1595E570-D495-41C8-BDAC-8DE71550A15A}.Debug|x64.ActiveCfg = Debug|Any CPU
		{1595E570-D495-41C8-BDAC-8DE71550A15A}.Debug|x64.Build.0 = Debug|Any CPU
		{1595E570-D495-41C8-BDAC-8DE71550A15A}.Debug|x86.ActiveCfg = Debug|Any CPU
		{1595E570-D495-41C8-BDAC-8DE71550A15A}.Debug|x86.Build.0 = Debug|Any CPU
		{1595E570-D495-41C8-BDAC-8DE71550A15A}.Release|Any CPU.ActiveCfg = Release|Any CPU
		{1595E570-D495-41C8-BDAC-8DE71550A15A}.Release|Any CPU.Build.0 = Release|Any CPU
		{1595E570-D495-41C8-BDAC-8DE71550A15A}.Release|x64.ActiveCfg = Release|Any CPU
		{1595E570-D495-41C8-BDAC-8DE71550A15A}.Release|x64.Build.0 = Release|Any CPU
		{1595E570-D495-41C8-BDAC-8DE71550A15A}.Release|x86.ActiveCfg = Release|Any CPU
		{1595E570-D495-41C8-BDAC-8DE71550A15A}.Release|x86.Build.0 = Release|Any CPU
		{269BEA88-85A9-42CF-B9A1-E2C8DAF6B662}.Debug|Any CPU.ActiveCfg = Debug|Any CPU
		{269BEA88-85A9-42CF-B9A1-E2C8DAF6B662}.Debug|Any CPU.Build.0 = Debug|Any CPU
		{269BEA88-85A9-42CF-B9A1-E2C8DAF6B662}.Debug|x64.ActiveCfg = Debug|Any CPU
		{269BEA88-85A9-42CF-B9A1-E2C8DAF6B662}.Debug|x64.Build.0 = Debug|Any CPU
		{269BEA88-85A9-42CF-B9A1-E2C8DAF6B662}.Debug|x86.ActiveCfg = Debug|Any CPU
		{269BEA88-85A9-42CF-B9A1-E2C8DAF6B662}.Debug|x86.Build.0 = Debug|Any CPU
		{269BEA88-85A9-42CF-B9A1-E2C8DAF6B662}.Release|Any CPU.ActiveCfg = Release|Any CPU
		{269BEA88-85A9-42CF-B9A1-E2C8DAF6B662}.Release|Any CPU.Build.0 = Release|Any CPU
		{269BEA88-85A9-42CF-B9A1-E2C8DAF6B662}.Release|x64.ActiveCfg = Release|Any CPU
		{269BEA88-85A9-42CF-B9A1-E2C8DAF6B662}.Release|x64.Build.0 = Release|Any CPU
		{269BEA88-85A9-42CF-B9A1-E2C8DAF6B662}.Release|x86.ActiveCfg = Release|Any CPU
		{269BEA88-85A9-42CF-B9A1-E2C8DAF6B662}.Release|x86.Build.0 = Release|Any CPU
		{E0E0412E-98EC-4B86-853D-CF400FE4F74B}.Debug|Any CPU.ActiveCfg = Debug|Any CPU
		{E0E0412E-98EC-4B86-853D-CF400FE4F74B}.Debug|Any CPU.Build.0 = Debug|Any CPU
		{E0E0412E-98EC-4B86-853D-CF400FE4F74B}.Debug|x64.ActiveCfg = Debug|Any CPU
		{E0E0412E-98EC-4B86-853D-CF400FE4F74B}.Debug|x64.Build.0 = Debug|Any CPU
		{E0E0412E-98EC-4B86-853D-CF400FE4F74B}.Debug|x86.ActiveCfg = Debug|Any CPU
		{E0E0412E-98EC-4B86-853D-CF400FE4F74B}.Debug|x86.Build.0 = Debug|Any CPU
		{E0E0412E-98EC-4B86-853D-CF400FE4F74B}.Release|Any CPU.ActiveCfg = Release|Any CPU
		{E0E0412E-98EC-4B86-853D-CF400FE4F74B}.Release|Any CPU.Build.0 = Release|Any CPU
		{E0E0412E-98EC-4B86-853D-CF400FE4F74B}.Release|x64.ActiveCfg = Release|Any CPU
		{E0E0412E-98EC-4B86-853D-CF400FE4F74B}.Release|x64.Build.0 = Release|Any CPU
		{E0E0412E-98EC-4B86-853D-CF400FE4F74B}.Release|x86.ActiveCfg = Release|Any CPU
		{E0E0412E-98EC-4B86-853D-CF400FE4F74B}.Release|x86.Build.0 = Release|Any CPU
		{5757B2BB-D7EF-401B-8B73-7013460A06CC}.Debug|Any CPU.ActiveCfg = Debug|Any CPU
		{5757B2BB-D7EF-401B-8B73-7013460A06CC}.Debug|Any CPU.Build.0 = Debug|Any CPU
		{5757B2BB-D7EF-401B-8B73-7013460A06CC}.Debug|x64.ActiveCfg = Debug|Any CPU
		{5757B2BB-D7EF-401B-8B73-7013460A06CC}.Debug|x64.Build.0 = Debug|Any CPU
		{5757B2BB-D7EF-401B-8B73-7013460A06CC}.Debug|x86.ActiveCfg = Debug|Any CPU
		{5757B2BB-D7EF-401B-8B73-7013460A06CC}.Debug|x86.Build.0 = Debug|Any CPU
		{5757B2BB-D7EF-401B-8B73-7013460A06CC}.Release|Any CPU.ActiveCfg = Release|Any CPU
		{5757B2BB-D7EF-401B-8B73-7013460A06CC}.Release|Any CPU.Build.0 = Release|Any CPU
		{5757B2BB-D7EF-401B-8B73-7013460A06CC}.Release|x64.ActiveCfg = Release|Any CPU
		{5757B2BB-D7EF-401B-8B73-7013460A06CC}.Release|x64.Build.0 = Release|Any CPU
		{5757B2BB-D7EF-401B-8B73-7013460A06CC}.Release|x86.ActiveCfg = Release|Any CPU
		{5757B2BB-D7EF-401B-8B73-7013460A06CC}.Release|x86.Build.0 = Release|Any CPU
		{0189028B-3B54-41A2-8B6C-93BF65906E83}.Debug|Any CPU.ActiveCfg = Debug|Any CPU
		{0189028B-3B54-41A2-8B6C-93BF65906E83}.Debug|Any CPU.Build.0 = Debug|Any CPU
		{0189028B-3B54-41A2-8B6C-93BF65906E83}.Debug|x64.ActiveCfg = Debug|Any CPU
		{0189028B-3B54-41A2-8B6C-93BF65906E83}.Debug|x64.Build.0 = Debug|Any CPU
		{0189028B-3B54-41A2-8B6C-93BF65906E83}.Debug|x86.ActiveCfg = Debug|Any CPU
		{0189028B-3B54-41A2-8B6C-93BF65906E83}.Debug|x86.Build.0 = Debug|Any CPU
		{0189028B-3B54-41A2-8B6C-93BF65906E83}.Release|Any CPU.ActiveCfg = Release|Any CPU
		{0189028B-3B54-41A2-8B6C-93BF65906E83}.Release|Any CPU.Build.0 = Release|Any CPU
		{0189028B-3B54-41A2-8B6C-93BF65906E83}.Release|x64.ActiveCfg = Release|Any CPU
		{0189028B-3B54-41A2-8B6C-93BF65906E83}.Release|x64.Build.0 = Release|Any CPU
		{0189028B-3B54-41A2-8B6C-93BF65906E83}.Release|x86.ActiveCfg = Release|Any CPU
		{0189028B-3B54-41A2-8B6C-93BF65906E83}.Release|x86.Build.0 = Release|Any CPU
		{0FCFC424-B402-4E46-BD18-45B38C5B4003}.Debug|Any CPU.ActiveCfg = Debug|Any CPU
		{0FCFC424-B402-4E46-BD18-45B38C5B4003}.Debug|Any CPU.Build.0 = Debug|Any CPU
		{0FCFC424-B402-4E46-BD18-45B38C5B4003}.Debug|x64.ActiveCfg = Debug|Any CPU
		{0FCFC424-B402-4E46-BD18-45B38C5B4003}.Debug|x64.Build.0 = Debug|Any CPU
		{0FCFC424-B402-4E46-BD18-45B38C5B4003}.Debug|x86.ActiveCfg = Debug|Any CPU
		{0FCFC424-B402-4E46-BD18-45B38C5B4003}.Debug|x86.Build.0 = Debug|Any CPU
		{0FCFC424-B402-4E46-BD18-45B38C5B4003}.Release|Any CPU.ActiveCfg = Release|Any CPU
		{0FCFC424-B402-4E46-BD18-45B38C5B4003}.Release|Any CPU.Build.0 = Release|Any CPU
		{0FCFC424-B402-4E46-BD18-45B38C5B4003}.Release|x64.ActiveCfg = Release|Any CPU
		{0FCFC424-B402-4E46-BD18-45B38C5B4003}.Release|x64.Build.0 = Release|Any CPU
		{0FCFC424-B402-4E46-BD18-45B38C5B4003}.Release|x86.ActiveCfg = Release|Any CPU
		{0FCFC424-B402-4E46-BD18-45B38C5B4003}.Release|x86.Build.0 = Release|Any CPU
		{946D0F5D-EC69-49A7-A7A9-16B4A0648247}.Debug|Any CPU.ActiveCfg = Debug|Any CPU
		{946D0F5D-EC69-49A7-A7A9-16B4A0648247}.Debug|Any CPU.Build.0 = Debug|Any CPU
		{946D0F5D-EC69-49A7-A7A9-16B4A0648247}.Debug|x64.ActiveCfg = Debug|Any CPU
		{946D0F5D-EC69-49A7-A7A9-16B4A0648247}.Debug|x64.Build.0 = Debug|Any CPU
		{946D0F5D-EC69-49A7-A7A9-16B4A0648247}.Debug|x86.ActiveCfg = Debug|Any CPU
		{946D0F5D-EC69-49A7-A7A9-16B4A0648247}.Debug|x86.Build.0 = Debug|Any CPU
		{946D0F5D-EC69-49A7-A7A9-16B4A0648247}.Release|Any CPU.ActiveCfg = Release|Any CPU
		{946D0F5D-EC69-49A7-A7A9-16B4A0648247}.Release|Any CPU.Build.0 = Release|Any CPU
		{946D0F5D-EC69-49A7-A7A9-16B4A0648247}.Release|x64.ActiveCfg = Release|Any CPU
		{946D0F5D-EC69-49A7-A7A9-16B4A0648247}.Release|x64.Build.0 = Release|Any CPU
		{946D0F5D-EC69-49A7-A7A9-16B4A0648247}.Release|x86.ActiveCfg = Release|Any CPU
		{946D0F5D-EC69-49A7-A7A9-16B4A0648247}.Release|x86.Build.0 = Release|Any CPU
		{66983F53-AA09-46B7-839C-F23BAE73433C}.Debug|Any CPU.ActiveCfg = Debug|Any CPU
		{66983F53-AA09-46B7-839C-F23BAE73433C}.Debug|Any CPU.Build.0 = Debug|Any CPU
		{66983F53-AA09-46B7-839C-F23BAE73433C}.Debug|x64.ActiveCfg = Debug|Any CPU
		{66983F53-AA09-46B7-839C-F23BAE73433C}.Debug|x64.Build.0 = Debug|Any CPU
		{66983F53-AA09-46B7-839C-F23BAE73433C}.Debug|x86.ActiveCfg = Debug|Any CPU
		{66983F53-AA09-46B7-839C-F23BAE73433C}.Debug|x86.Build.0 = Debug|Any CPU
		{66983F53-AA09-46B7-839C-F23BAE73433C}.Release|Any CPU.ActiveCfg = Release|Any CPU
		{66983F53-AA09-46B7-839C-F23BAE73433C}.Release|Any CPU.Build.0 = Release|Any CPU
		{66983F53-AA09-46B7-839C-F23BAE73433C}.Release|x64.ActiveCfg = Release|Any CPU
		{66983F53-AA09-46B7-839C-F23BAE73433C}.Release|x64.Build.0 = Release|Any CPU
		{66983F53-AA09-46B7-839C-F23BAE73433C}.Release|x86.ActiveCfg = Release|Any CPU
		{66983F53-AA09-46B7-839C-F23BAE73433C}.Release|x86.Build.0 = Release|Any CPU
		{FA64170E-BF10-4670-84C6-1EF36E143E08}.Debug|Any CPU.ActiveCfg = Debug|Any CPU
		{FA64170E-BF10-4670-84C6-1EF36E143E08}.Debug|Any CPU.Build.0 = Debug|Any CPU
		{FA64170E-BF10-4670-84C6-1EF36E143E08}.Debug|x64.ActiveCfg = Debug|Any CPU
		{FA64170E-BF10-4670-84C6-1EF36E143E08}.Debug|x64.Build.0 = Debug|Any CPU
		{FA64170E-BF10-4670-84C6-1EF36E143E08}.Debug|x86.ActiveCfg = Debug|Any CPU
		{FA64170E-BF10-4670-84C6-1EF36E143E08}.Debug|x86.Build.0 = Debug|Any CPU
		{FA64170E-BF10-4670-84C6-1EF36E143E08}.Release|Any CPU.ActiveCfg = Release|Any CPU
		{FA64170E-BF10-4670-84C6-1EF36E143E08}.Release|Any CPU.Build.0 = Release|Any CPU
		{FA64170E-BF10-4670-84C6-1EF36E143E08}.Release|x64.ActiveCfg = Release|Any CPU
		{FA64170E-BF10-4670-84C6-1EF36E143E08}.Release|x64.Build.0 = Release|Any CPU
		{FA64170E-BF10-4670-84C6-1EF36E143E08}.Release|x86.ActiveCfg = Release|Any CPU
		{FA64170E-BF10-4670-84C6-1EF36E143E08}.Release|x86.Build.0 = Release|Any CPU
		{F8386DEA-8905-4157-B949-CC151F3FB8D2}.Debug|Any CPU.ActiveCfg = Debug|Any CPU
		{F8386DEA-8905-4157-B949-CC151F3FB8D2}.Debug|Any CPU.Build.0 = Debug|Any CPU
		{F8386DEA-8905-4157-B949-CC151F3FB8D2}.Debug|x64.ActiveCfg = Debug|Any CPU
		{F8386DEA-8905-4157-B949-CC151F3FB8D2}.Debug|x64.Build.0 = Debug|Any CPU
		{F8386DEA-8905-4157-B949-CC151F3FB8D2}.Debug|x86.ActiveCfg = Debug|Any CPU
		{F8386DEA-8905-4157-B949-CC151F3FB8D2}.Debug|x86.Build.0 = Debug|Any CPU
		{F8386DEA-8905-4157-B949-CC151F3FB8D2}.Release|Any CPU.ActiveCfg = Release|Any CPU
		{F8386DEA-8905-4157-B949-CC151F3FB8D2}.Release|Any CPU.Build.0 = Release|Any CPU
		{F8386DEA-8905-4157-B949-CC151F3FB8D2}.Release|x64.ActiveCfg = Release|Any CPU
		{F8386DEA-8905-4157-B949-CC151F3FB8D2}.Release|x64.Build.0 = Release|Any CPU
		{F8386DEA-8905-4157-B949-CC151F3FB8D2}.Release|x86.ActiveCfg = Release|Any CPU
		{F8386DEA-8905-4157-B949-CC151F3FB8D2}.Release|x86.Build.0 = Release|Any CPU
		{E7F2E446-E2F5-4AD9-8328-42F1B5B4E245}.Debug|Any CPU.ActiveCfg = Debug|Any CPU
		{E7F2E446-E2F5-4AD9-8328-42F1B5B4E245}.Debug|Any CPU.Build.0 = Debug|Any CPU
		{E7F2E446-E2F5-4AD9-8328-42F1B5B4E245}.Debug|x64.ActiveCfg = Debug|Any CPU
		{E7F2E446-E2F5-4AD9-8328-42F1B5B4E245}.Debug|x64.Build.0 = Debug|Any CPU
		{E7F2E446-E2F5-4AD9-8328-42F1B5B4E245}.Debug|x86.ActiveCfg = Debug|Any CPU
		{E7F2E446-E2F5-4AD9-8328-42F1B5B4E245}.Debug|x86.Build.0 = Debug|Any CPU
		{E7F2E446-E2F5-4AD9-8328-42F1B5B4E245}.Release|Any CPU.ActiveCfg = Release|Any CPU
		{E7F2E446-E2F5-4AD9-8328-42F1B5B4E245}.Release|Any CPU.Build.0 = Release|Any CPU
		{E7F2E446-E2F5-4AD9-8328-42F1B5B4E245}.Release|x64.ActiveCfg = Release|Any CPU
		{E7F2E446-E2F5-4AD9-8328-42F1B5B4E245}.Release|x64.Build.0 = Release|Any CPU
		{E7F2E446-E2F5-4AD9-8328-42F1B5B4E245}.Release|x86.ActiveCfg = Release|Any CPU
		{E7F2E446-E2F5-4AD9-8328-42F1B5B4E245}.Release|x86.Build.0 = Release|Any CPU
		{7A316DFB-5ECF-463E-88E7-8D3B7B5DE793}.Debug|Any CPU.ActiveCfg = Debug|Any CPU
		{7A316DFB-5ECF-463E-88E7-8D3B7B5DE793}.Debug|Any CPU.Build.0 = Debug|Any CPU
		{7A316DFB-5ECF-463E-88E7-8D3B7B5DE793}.Debug|x64.ActiveCfg = Debug|Any CPU
		{7A316DFB-5ECF-463E-88E7-8D3B7B5DE793}.Debug|x64.Build.0 = Debug|Any CPU
		{7A316DFB-5ECF-463E-88E7-8D3B7B5DE793}.Debug|x86.ActiveCfg = Debug|Any CPU
		{7A316DFB-5ECF-463E-88E7-8D3B7B5DE793}.Debug|x86.Build.0 = Debug|Any CPU
		{7A316DFB-5ECF-463E-88E7-8D3B7B5DE793}.Release|Any CPU.ActiveCfg = Release|Any CPU
		{7A316DFB-5ECF-463E-88E7-8D3B7B5DE793}.Release|Any CPU.Build.0 = Release|Any CPU
		{7A316DFB-5ECF-463E-88E7-8D3B7B5DE793}.Release|x64.ActiveCfg = Release|Any CPU
		{7A316DFB-5ECF-463E-88E7-8D3B7B5DE793}.Release|x64.Build.0 = Release|Any CPU
		{7A316DFB-5ECF-463E-88E7-8D3B7B5DE793}.Release|x86.ActiveCfg = Release|Any CPU
		{7A316DFB-5ECF-463E-88E7-8D3B7B5DE793}.Release|x86.Build.0 = Release|Any CPU
		{3FF292B7-E167-4687-8813-FCBC05B139B9}.Debug|Any CPU.ActiveCfg = Debug|Any CPU
		{3FF292B7-E167-4687-8813-FCBC05B139B9}.Debug|Any CPU.Build.0 = Debug|Any CPU
		{3FF292B7-E167-4687-8813-FCBC05B139B9}.Debug|x64.ActiveCfg = Debug|Any CPU
		{3FF292B7-E167-4687-8813-FCBC05B139B9}.Debug|x64.Build.0 = Debug|Any CPU
		{3FF292B7-E167-4687-8813-FCBC05B139B9}.Debug|x86.ActiveCfg = Debug|Any CPU
		{3FF292B7-E167-4687-8813-FCBC05B139B9}.Debug|x86.Build.0 = Debug|Any CPU
		{3FF292B7-E167-4687-8813-FCBC05B139B9}.Release|Any CPU.ActiveCfg = Release|Any CPU
		{3FF292B7-E167-4687-8813-FCBC05B139B9}.Release|Any CPU.Build.0 = Release|Any CPU
		{3FF292B7-E167-4687-8813-FCBC05B139B9}.Release|x64.ActiveCfg = Release|Any CPU
		{3FF292B7-E167-4687-8813-FCBC05B139B9}.Release|x64.Build.0 = Release|Any CPU
		{3FF292B7-E167-4687-8813-FCBC05B139B9}.Release|x86.ActiveCfg = Release|Any CPU
		{3FF292B7-E167-4687-8813-FCBC05B139B9}.Release|x86.Build.0 = Release|Any CPU
		{76AF0280-E7F6-4853-A69F-71194F07EA9E}.Debug|Any CPU.ActiveCfg = Debug|Any CPU
		{76AF0280-E7F6-4853-A69F-71194F07EA9E}.Debug|Any CPU.Build.0 = Debug|Any CPU
		{76AF0280-E7F6-4853-A69F-71194F07EA9E}.Debug|x64.ActiveCfg = Debug|Any CPU
		{76AF0280-E7F6-4853-A69F-71194F07EA9E}.Debug|x64.Build.0 = Debug|Any CPU
		{76AF0280-E7F6-4853-A69F-71194F07EA9E}.Debug|x86.ActiveCfg = Debug|Any CPU
		{76AF0280-E7F6-4853-A69F-71194F07EA9E}.Debug|x86.Build.0 = Debug|Any CPU
		{76AF0280-E7F6-4853-A69F-71194F07EA9E}.Release|Any CPU.ActiveCfg = Release|Any CPU
		{76AF0280-E7F6-4853-A69F-71194F07EA9E}.Release|Any CPU.Build.0 = Release|Any CPU
		{76AF0280-E7F6-4853-A69F-71194F07EA9E}.Release|x64.ActiveCfg = Release|Any CPU
		{76AF0280-E7F6-4853-A69F-71194F07EA9E}.Release|x64.Build.0 = Release|Any CPU
		{76AF0280-E7F6-4853-A69F-71194F07EA9E}.Release|x86.ActiveCfg = Release|Any CPU
		{76AF0280-E7F6-4853-A69F-71194F07EA9E}.Release|x86.Build.0 = Release|Any CPU
		{62234AB3-F8B0-41A0-B3AE-988D7A26F91C}.Debug|Any CPU.ActiveCfg = Debug|Any CPU
		{62234AB3-F8B0-41A0-B3AE-988D7A26F91C}.Debug|Any CPU.Build.0 = Debug|Any CPU
		{62234AB3-F8B0-41A0-B3AE-988D7A26F91C}.Debug|x64.ActiveCfg = Debug|Any CPU
		{62234AB3-F8B0-41A0-B3AE-988D7A26F91C}.Debug|x64.Build.0 = Debug|Any CPU
		{62234AB3-F8B0-41A0-B3AE-988D7A26F91C}.Debug|x86.ActiveCfg = Debug|Any CPU
		{62234AB3-F8B0-41A0-B3AE-988D7A26F91C}.Debug|x86.Build.0 = Debug|Any CPU
		{62234AB3-F8B0-41A0-B3AE-988D7A26F91C}.Release|Any CPU.ActiveCfg = Release|Any CPU
		{62234AB3-F8B0-41A0-B3AE-988D7A26F91C}.Release|Any CPU.Build.0 = Release|Any CPU
		{62234AB3-F8B0-41A0-B3AE-988D7A26F91C}.Release|x64.ActiveCfg = Release|Any CPU
		{62234AB3-F8B0-41A0-B3AE-988D7A26F91C}.Release|x64.Build.0 = Release|Any CPU
		{62234AB3-F8B0-41A0-B3AE-988D7A26F91C}.Release|x86.ActiveCfg = Release|Any CPU
		{62234AB3-F8B0-41A0-B3AE-988D7A26F91C}.Release|x86.Build.0 = Release|Any CPU
		{B51A4631-F1C4-44A6-9F3C-F0AD0AE65697}.Debug|Any CPU.ActiveCfg = Debug|Any CPU
		{B51A4631-F1C4-44A6-9F3C-F0AD0AE65697}.Debug|Any CPU.Build.0 = Debug|Any CPU
		{B51A4631-F1C4-44A6-9F3C-F0AD0AE65697}.Debug|x64.ActiveCfg = Debug|Any CPU
		{B51A4631-F1C4-44A6-9F3C-F0AD0AE65697}.Debug|x64.Build.0 = Debug|Any CPU
		{B51A4631-F1C4-44A6-9F3C-F0AD0AE65697}.Debug|x86.ActiveCfg = Debug|Any CPU
		{B51A4631-F1C4-44A6-9F3C-F0AD0AE65697}.Debug|x86.Build.0 = Debug|Any CPU
		{B51A4631-F1C4-44A6-9F3C-F0AD0AE65697}.Release|Any CPU.ActiveCfg = Release|Any CPU
		{B51A4631-F1C4-44A6-9F3C-F0AD0AE65697}.Release|Any CPU.Build.0 = Release|Any CPU
		{B51A4631-F1C4-44A6-9F3C-F0AD0AE65697}.Release|x64.ActiveCfg = Release|Any CPU
		{B51A4631-F1C4-44A6-9F3C-F0AD0AE65697}.Release|x64.Build.0 = Release|Any CPU
		{B51A4631-F1C4-44A6-9F3C-F0AD0AE65697}.Release|x86.ActiveCfg = Release|Any CPU
		{B51A4631-F1C4-44A6-9F3C-F0AD0AE65697}.Release|x86.Build.0 = Release|Any CPU
		{6BCF181C-1BAA-4B9C-8E32-EB46409CDF01}.Debug|Any CPU.ActiveCfg = Debug|Any CPU
		{6BCF181C-1BAA-4B9C-8E32-EB46409CDF01}.Debug|Any CPU.Build.0 = Debug|Any CPU
		{6BCF181C-1BAA-4B9C-8E32-EB46409CDF01}.Debug|x64.ActiveCfg = Debug|Any CPU
		{6BCF181C-1BAA-4B9C-8E32-EB46409CDF01}.Debug|x64.Build.0 = Debug|Any CPU
		{6BCF181C-1BAA-4B9C-8E32-EB46409CDF01}.Debug|x86.ActiveCfg = Debug|Any CPU
		{6BCF181C-1BAA-4B9C-8E32-EB46409CDF01}.Debug|x86.Build.0 = Debug|Any CPU
		{6BCF181C-1BAA-4B9C-8E32-EB46409CDF01}.Release|Any CPU.ActiveCfg = Release|Any CPU
		{6BCF181C-1BAA-4B9C-8E32-EB46409CDF01}.Release|Any CPU.Build.0 = Release|Any CPU
		{6BCF181C-1BAA-4B9C-8E32-EB46409CDF01}.Release|x64.ActiveCfg = Release|Any CPU
		{6BCF181C-1BAA-4B9C-8E32-EB46409CDF01}.Release|x64.Build.0 = Release|Any CPU
		{6BCF181C-1BAA-4B9C-8E32-EB46409CDF01}.Release|x86.ActiveCfg = Release|Any CPU
		{6BCF181C-1BAA-4B9C-8E32-EB46409CDF01}.Release|x86.Build.0 = Release|Any CPU
		{EDCD789B-FD17-449E-80D5-70E6E93F35F1}.Debug|Any CPU.ActiveCfg = Debug|Any CPU
		{EDCD789B-FD17-449E-80D5-70E6E93F35F1}.Debug|Any CPU.Build.0 = Debug|Any CPU
		{EDCD789B-FD17-449E-80D5-70E6E93F35F1}.Debug|x64.ActiveCfg = Debug|Any CPU
		{EDCD789B-FD17-449E-80D5-70E6E93F35F1}.Debug|x64.Build.0 = Debug|Any CPU
		{EDCD789B-FD17-449E-80D5-70E6E93F35F1}.Debug|x86.ActiveCfg = Debug|Any CPU
		{EDCD789B-FD17-449E-80D5-70E6E93F35F1}.Debug|x86.Build.0 = Debug|Any CPU
		{EDCD789B-FD17-449E-80D5-70E6E93F35F1}.Release|Any CPU.ActiveCfg = Release|Any CPU
		{EDCD789B-FD17-449E-80D5-70E6E93F35F1}.Release|Any CPU.Build.0 = Release|Any CPU
		{EDCD789B-FD17-449E-80D5-70E6E93F35F1}.Release|x64.ActiveCfg = Release|Any CPU
		{EDCD789B-FD17-449E-80D5-70E6E93F35F1}.Release|x64.Build.0 = Release|Any CPU
		{EDCD789B-FD17-449E-80D5-70E6E93F35F1}.Release|x86.ActiveCfg = Release|Any CPU
		{EDCD789B-FD17-449E-80D5-70E6E93F35F1}.Release|x86.Build.0 = Release|Any CPU
		{7A219941-ABC1-4586-9C6E-8D268D13F96F}.Debug|Any CPU.ActiveCfg = Debug|Any CPU
		{7A219941-ABC1-4586-9C6E-8D268D13F96F}.Debug|Any CPU.Build.0 = Debug|Any CPU
		{7A219941-ABC1-4586-9C6E-8D268D13F96F}.Debug|x64.ActiveCfg = Debug|Any CPU
		{7A219941-ABC1-4586-9C6E-8D268D13F96F}.Debug|x64.Build.0 = Debug|Any CPU
		{7A219941-ABC1-4586-9C6E-8D268D13F96F}.Debug|x86.ActiveCfg = Debug|Any CPU
		{7A219941-ABC1-4586-9C6E-8D268D13F96F}.Debug|x86.Build.0 = Debug|Any CPU
		{7A219941-ABC1-4586-9C6E-8D268D13F96F}.Release|Any CPU.ActiveCfg = Release|Any CPU
		{7A219941-ABC1-4586-9C6E-8D268D13F96F}.Release|Any CPU.Build.0 = Release|Any CPU
		{7A219941-ABC1-4586-9C6E-8D268D13F96F}.Release|x64.ActiveCfg = Release|Any CPU
		{7A219941-ABC1-4586-9C6E-8D268D13F96F}.Release|x64.Build.0 = Release|Any CPU
		{7A219941-ABC1-4586-9C6E-8D268D13F96F}.Release|x86.ActiveCfg = Release|Any CPU
		{7A219941-ABC1-4586-9C6E-8D268D13F96F}.Release|x86.Build.0 = Release|Any CPU
		{C1385EB8-4F54-4869-83A0-72D85A5E986C}.Debug|Any CPU.ActiveCfg = Debug|Any CPU
		{C1385EB8-4F54-4869-83A0-72D85A5E986C}.Debug|Any CPU.Build.0 = Debug|Any CPU
		{C1385EB8-4F54-4869-83A0-72D85A5E986C}.Debug|x64.ActiveCfg = Debug|Any CPU
		{C1385EB8-4F54-4869-83A0-72D85A5E986C}.Debug|x64.Build.0 = Debug|Any CPU
		{C1385EB8-4F54-4869-83A0-72D85A5E986C}.Debug|x86.ActiveCfg = Debug|Any CPU
		{C1385EB8-4F54-4869-83A0-72D85A5E986C}.Debug|x86.Build.0 = Debug|Any CPU
		{C1385EB8-4F54-4869-83A0-72D85A5E986C}.Release|Any CPU.ActiveCfg = Release|Any CPU
		{C1385EB8-4F54-4869-83A0-72D85A5E986C}.Release|Any CPU.Build.0 = Release|Any CPU
		{C1385EB8-4F54-4869-83A0-72D85A5E986C}.Release|x64.ActiveCfg = Release|Any CPU
		{C1385EB8-4F54-4869-83A0-72D85A5E986C}.Release|x64.Build.0 = Release|Any CPU
		{C1385EB8-4F54-4869-83A0-72D85A5E986C}.Release|x86.ActiveCfg = Release|Any CPU
		{C1385EB8-4F54-4869-83A0-72D85A5E986C}.Release|x86.Build.0 = Release|Any CPU
		{67271302-6660-4B59-A478-409E3012EFB9}.Debug|Any CPU.ActiveCfg = Debug|Any CPU
		{67271302-6660-4B59-A478-409E3012EFB9}.Debug|Any CPU.Build.0 = Debug|Any CPU
		{67271302-6660-4B59-A478-409E3012EFB9}.Debug|x64.ActiveCfg = Debug|Any CPU
		{67271302-6660-4B59-A478-409E3012EFB9}.Debug|x64.Build.0 = Debug|Any CPU
		{67271302-6660-4B59-A478-409E3012EFB9}.Debug|x86.ActiveCfg = Debug|Any CPU
		{67271302-6660-4B59-A478-409E3012EFB9}.Debug|x86.Build.0 = Debug|Any CPU
		{67271302-6660-4B59-A478-409E3012EFB9}.Release|Any CPU.ActiveCfg = Release|Any CPU
		{67271302-6660-4B59-A478-409E3012EFB9}.Release|Any CPU.Build.0 = Release|Any CPU
		{67271302-6660-4B59-A478-409E3012EFB9}.Release|x64.ActiveCfg = Release|Any CPU
		{67271302-6660-4B59-A478-409E3012EFB9}.Release|x64.Build.0 = Release|Any CPU
		{67271302-6660-4B59-A478-409E3012EFB9}.Release|x86.ActiveCfg = Release|Any CPU
		{67271302-6660-4B59-A478-409E3012EFB9}.Release|x86.Build.0 = Release|Any CPU
		{B2A23024-1C00-4946-836A-5135E520D823}.Debug|Any CPU.ActiveCfg = Debug|Any CPU
		{B2A23024-1C00-4946-836A-5135E520D823}.Debug|Any CPU.Build.0 = Debug|Any CPU
		{B2A23024-1C00-4946-836A-5135E520D823}.Debug|x64.ActiveCfg = Debug|Any CPU
		{B2A23024-1C00-4946-836A-5135E520D823}.Debug|x64.Build.0 = Debug|Any CPU
		{B2A23024-1C00-4946-836A-5135E520D823}.Debug|x86.ActiveCfg = Debug|Any CPU
		{B2A23024-1C00-4946-836A-5135E520D823}.Debug|x86.Build.0 = Debug|Any CPU
		{B2A23024-1C00-4946-836A-5135E520D823}.Release|Any CPU.ActiveCfg = Release|Any CPU
		{B2A23024-1C00-4946-836A-5135E520D823}.Release|Any CPU.Build.0 = Release|Any CPU
		{B2A23024-1C00-4946-836A-5135E520D823}.Release|x64.ActiveCfg = Release|Any CPU
		{B2A23024-1C00-4946-836A-5135E520D823}.Release|x64.Build.0 = Release|Any CPU
		{B2A23024-1C00-4946-836A-5135E520D823}.Release|x86.ActiveCfg = Release|Any CPU
		{B2A23024-1C00-4946-836A-5135E520D823}.Release|x86.Build.0 = Release|Any CPU
		{87818839-601A-4D13-ADDC-368E2D4684C7}.Debug|Any CPU.ActiveCfg = Debug|Any CPU
		{87818839-601A-4D13-ADDC-368E2D4684C7}.Debug|Any CPU.Build.0 = Debug|Any CPU
		{87818839-601A-4D13-ADDC-368E2D4684C7}.Debug|x64.ActiveCfg = Debug|Any CPU
		{87818839-601A-4D13-ADDC-368E2D4684C7}.Debug|x64.Build.0 = Debug|Any CPU
		{87818839-601A-4D13-ADDC-368E2D4684C7}.Debug|x86.ActiveCfg = Debug|Any CPU
		{87818839-601A-4D13-ADDC-368E2D4684C7}.Debug|x86.Build.0 = Debug|Any CPU
		{87818839-601A-4D13-ADDC-368E2D4684C7}.Release|Any CPU.ActiveCfg = Release|Any CPU
		{87818839-601A-4D13-ADDC-368E2D4684C7}.Release|Any CPU.Build.0 = Release|Any CPU
		{87818839-601A-4D13-ADDC-368E2D4684C7}.Release|x64.ActiveCfg = Release|Any CPU
		{87818839-601A-4D13-ADDC-368E2D4684C7}.Release|x64.Build.0 = Release|Any CPU
		{87818839-601A-4D13-ADDC-368E2D4684C7}.Release|x86.ActiveCfg = Release|Any CPU
		{87818839-601A-4D13-ADDC-368E2D4684C7}.Release|x86.Build.0 = Release|Any CPU
		{3417B7EB-04AD-4C52-B2A5-0817C1D44196}.Debug|Any CPU.ActiveCfg = Debug|Any CPU
		{3417B7EB-04AD-4C52-B2A5-0817C1D44196}.Debug|Any CPU.Build.0 = Debug|Any CPU
		{3417B7EB-04AD-4C52-B2A5-0817C1D44196}.Debug|x64.ActiveCfg = Debug|Any CPU
		{3417B7EB-04AD-4C52-B2A5-0817C1D44196}.Debug|x64.Build.0 = Debug|Any CPU
		{3417B7EB-04AD-4C52-B2A5-0817C1D44196}.Debug|x86.ActiveCfg = Debug|Any CPU
		{3417B7EB-04AD-4C52-B2A5-0817C1D44196}.Debug|x86.Build.0 = Debug|Any CPU
		{3417B7EB-04AD-4C52-B2A5-0817C1D44196}.Release|Any CPU.ActiveCfg = Release|Any CPU
		{3417B7EB-04AD-4C52-B2A5-0817C1D44196}.Release|Any CPU.Build.0 = Release|Any CPU
		{3417B7EB-04AD-4C52-B2A5-0817C1D44196}.Release|x64.ActiveCfg = Release|Any CPU
		{3417B7EB-04AD-4C52-B2A5-0817C1D44196}.Release|x64.Build.0 = Release|Any CPU
		{3417B7EB-04AD-4C52-B2A5-0817C1D44196}.Release|x86.ActiveCfg = Release|Any CPU
		{3417B7EB-04AD-4C52-B2A5-0817C1D44196}.Release|x86.Build.0 = Release|Any CPU
		{1982BC61-EAE7-4321-A37B-3C9E3CFC83C8}.Debug|Any CPU.ActiveCfg = Debug|Any CPU
		{1982BC61-EAE7-4321-A37B-3C9E3CFC83C8}.Debug|Any CPU.Build.0 = Debug|Any CPU
		{1982BC61-EAE7-4321-A37B-3C9E3CFC83C8}.Debug|x64.ActiveCfg = Debug|Any CPU
		{1982BC61-EAE7-4321-A37B-3C9E3CFC83C8}.Debug|x64.Build.0 = Debug|Any CPU
		{1982BC61-EAE7-4321-A37B-3C9E3CFC83C8}.Debug|x86.ActiveCfg = Debug|Any CPU
		{1982BC61-EAE7-4321-A37B-3C9E3CFC83C8}.Debug|x86.Build.0 = Debug|Any CPU
		{1982BC61-EAE7-4321-A37B-3C9E3CFC83C8}.Release|Any CPU.ActiveCfg = Release|Any CPU
		{1982BC61-EAE7-4321-A37B-3C9E3CFC83C8}.Release|Any CPU.Build.0 = Release|Any CPU
		{1982BC61-EAE7-4321-A37B-3C9E3CFC83C8}.Release|x64.ActiveCfg = Release|Any CPU
		{1982BC61-EAE7-4321-A37B-3C9E3CFC83C8}.Release|x64.Build.0 = Release|Any CPU
		{1982BC61-EAE7-4321-A37B-3C9E3CFC83C8}.Release|x86.ActiveCfg = Release|Any CPU
		{1982BC61-EAE7-4321-A37B-3C9E3CFC83C8}.Release|x86.Build.0 = Release|Any CPU
		{7A901315-9B01-4757-8F28-EC26BA0DBF1A}.Debug|Any CPU.ActiveCfg = Debug|Any CPU
		{7A901315-9B01-4757-8F28-EC26BA0DBF1A}.Debug|Any CPU.Build.0 = Debug|Any CPU
		{7A901315-9B01-4757-8F28-EC26BA0DBF1A}.Debug|x64.ActiveCfg = Debug|Any CPU
		{7A901315-9B01-4757-8F28-EC26BA0DBF1A}.Debug|x64.Build.0 = Debug|Any CPU
		{7A901315-9B01-4757-8F28-EC26BA0DBF1A}.Debug|x86.ActiveCfg = Debug|Any CPU
		{7A901315-9B01-4757-8F28-EC26BA0DBF1A}.Debug|x86.Build.0 = Debug|Any CPU
		{7A901315-9B01-4757-8F28-EC26BA0DBF1A}.Release|Any CPU.ActiveCfg = Release|Any CPU
		{7A901315-9B01-4757-8F28-EC26BA0DBF1A}.Release|Any CPU.Build.0 = Release|Any CPU
		{7A901315-9B01-4757-8F28-EC26BA0DBF1A}.Release|x64.ActiveCfg = Release|Any CPU
		{7A901315-9B01-4757-8F28-EC26BA0DBF1A}.Release|x64.Build.0 = Release|Any CPU
		{7A901315-9B01-4757-8F28-EC26BA0DBF1A}.Release|x86.ActiveCfg = Release|Any CPU
		{7A901315-9B01-4757-8F28-EC26BA0DBF1A}.Release|x86.Build.0 = Release|Any CPU
		{1DDFCB68-B1B3-4A77-A00C-EC51F260F08A}.Debug|Any CPU.ActiveCfg = Debug|Any CPU
		{1DDFCB68-B1B3-4A77-A00C-EC51F260F08A}.Debug|Any CPU.Build.0 = Debug|Any CPU
		{1DDFCB68-B1B3-4A77-A00C-EC51F260F08A}.Debug|x64.ActiveCfg = Debug|Any CPU
		{1DDFCB68-B1B3-4A77-A00C-EC51F260F08A}.Debug|x64.Build.0 = Debug|Any CPU
		{1DDFCB68-B1B3-4A77-A00C-EC51F260F08A}.Debug|x86.ActiveCfg = Debug|Any CPU
		{1DDFCB68-B1B3-4A77-A00C-EC51F260F08A}.Debug|x86.Build.0 = Debug|Any CPU
		{1DDFCB68-B1B3-4A77-A00C-EC51F260F08A}.Release|Any CPU.ActiveCfg = Release|Any CPU
		{1DDFCB68-B1B3-4A77-A00C-EC51F260F08A}.Release|Any CPU.Build.0 = Release|Any CPU
		{1DDFCB68-B1B3-4A77-A00C-EC51F260F08A}.Release|x64.ActiveCfg = Release|Any CPU
		{1DDFCB68-B1B3-4A77-A00C-EC51F260F08A}.Release|x64.Build.0 = Release|Any CPU
		{1DDFCB68-B1B3-4A77-A00C-EC51F260F08A}.Release|x86.ActiveCfg = Release|Any CPU
		{1DDFCB68-B1B3-4A77-A00C-EC51F260F08A}.Release|x86.Build.0 = Release|Any CPU
	EndGlobalSection
	GlobalSection(SolutionProperties) = preSolution
		HideSolutionNode = FALSE
	EndGlobalSection
	GlobalSection(NestedProjects) = preSolution
		{29797CA7-CF31-4A11-B2DF-FB5F5525493E} = {749B1421-3177-4C7A-A66B-541BD4E925B0}
		{EB325644-8AAF-43A2-9889-7C073BF53304} = {749B1421-3177-4C7A-A66B-541BD4E925B0}
		{10042657-E486-4BDD-BBC3-0205D08DAB67} = {ADD2EBBA-A839-4E4A-9253-CDE29A372F07}
		{DE577893-D908-499C-83E8-E0EE578E7A2C} = {ADD2EBBA-A839-4E4A-9253-CDE29A372F07}
		{C3C8328A-2E11-4B19-A5C2-7A65672FDC6E} = {749B1421-3177-4C7A-A66B-541BD4E925B0}
		{7117678F-36F5-4354-BDA2-A8C1C112C0F9} = {ADD2EBBA-A839-4E4A-9253-CDE29A372F07}
		{3EE72664-2F9B-4EB4-BF89-65D817E78719} = {749B1421-3177-4C7A-A66B-541BD4E925B0}
		{33D0839C-26E8-4EF9-90EE-26DDD39C5EB1} = {ADD2EBBA-A839-4E4A-9253-CDE29A372F07}
		{36EEC52A-6F25-4CA2-9A4E-34FDAAF11E2F} = {ADD2EBBA-A839-4E4A-9253-CDE29A372F07}
		{F0FBD736-A0EA-442C-9B73-90AF26593899} = {749B1421-3177-4C7A-A66B-541BD4E925B0}
		{77261F3E-7046-47F7-B5EF-280EF8AAA473} = {749B1421-3177-4C7A-A66B-541BD4E925B0}
		{C52FA36E-7553-4859-9B8A-932043651D6B} = {ADD2EBBA-A839-4E4A-9253-CDE29A372F07}
		{B364E602-CF9A-484F-A421-9DBC9D6917FA} = {749B1421-3177-4C7A-A66B-541BD4E925B0}
		{5AE9AAC5-18D7-4FC3-9711-3C9EBCB6E52E} = {749B1421-3177-4C7A-A66B-541BD4E925B0}
		{B3AAD2F2-E087-4141-B810-57FDACF65AA0} = {749B1421-3177-4C7A-A66B-541BD4E925B0}
		{84835EF8-D772-44A5-A554-3A2F4AD3643D} = {ADD2EBBA-A839-4E4A-9253-CDE29A372F07}
		{6DCDAA6E-DF2C-491A-954A-B5537445B39F} = {749B1421-3177-4C7A-A66B-541BD4E925B0}
		{D9C37DBE-8B2B-4A99-BD5E-1CC1EEB01046} = {ADD2EBBA-A839-4E4A-9253-CDE29A372F07}
		{2196CACB-D711-49E8-8CF2-3C891C15FF72} = {749B1421-3177-4C7A-A66B-541BD4E925B0}
		{EBB863B1-3FA4-48BE-BAA3-84EA26EC4E03} = {ADD2EBBA-A839-4E4A-9253-CDE29A372F07}
		{9E3C28EF-1D84-4340-B79F-0AC1572F3B95} = {749B1421-3177-4C7A-A66B-541BD4E925B0}
		{3C34CB10-3FAE-430D-A11A-CEEAC0665AFE} = {ADD2EBBA-A839-4E4A-9253-CDE29A372F07}
		{60398EBC-B9C8-4FDD-BD0F-C0D2BD22CBD0} = {749B1421-3177-4C7A-A66B-541BD4E925B0}
		{7B38B0BC-DCC2-4206-A682-A97404824AB2} = {ADD2EBBA-A839-4E4A-9253-CDE29A372F07}
		{A73CD6CB-B6BF-43E5-8966-AB3BD00FC3CD} = {749B1421-3177-4C7A-A66B-541BD4E925B0}
		{68F5C4FF-E3DB-42B0-B609-50BED508CF79} = {ADD2EBBA-A839-4E4A-9253-CDE29A372F07}
		{F3B7CB58-C35A-4C2D-A1AE-9E4BFBEE782F} = {749B1421-3177-4C7A-A66B-541BD4E925B0}
		{211F2BFF-928F-4F90-B46A-CA6C61966416} = {749B1421-3177-4C7A-A66B-541BD4E925B0}
		{CFEFA746-9E61-40AC-A266-392AA0F6EFAB} = {ADD2EBBA-A839-4E4A-9253-CDE29A372F07}
		{1595E570-D495-41C8-BDAC-8DE71550A15A} = {ADD2EBBA-A839-4E4A-9253-CDE29A372F07}
		{269BEA88-85A9-42CF-B9A1-E2C8DAF6B662} = {ADD2EBBA-A839-4E4A-9253-CDE29A372F07}
		{E0E0412E-98EC-4B86-853D-CF400FE4F74B} = {749B1421-3177-4C7A-A66B-541BD4E925B0}
		{5757B2BB-D7EF-401B-8B73-7013460A06CC} = {749B1421-3177-4C7A-A66B-541BD4E925B0}
		{0189028B-3B54-41A2-8B6C-93BF65906E83} = {749B1421-3177-4C7A-A66B-541BD4E925B0}
		{0FCFC424-B402-4E46-BD18-45B38C5B4003} = {749B1421-3177-4C7A-A66B-541BD4E925B0}
		{946D0F5D-EC69-49A7-A7A9-16B4A0648247} = {3DC7D216-6908-4759-B86F-759FDAE393D9}
		{66983F53-AA09-46B7-839C-F23BAE73433C} = {3DC7D216-6908-4759-B86F-759FDAE393D9}
		{FA64170E-BF10-4670-84C6-1EF36E143E08} = {3DC7D216-6908-4759-B86F-759FDAE393D9}
		{F8386DEA-8905-4157-B949-CC151F3FB8D2} = {3DC7D216-6908-4759-B86F-759FDAE393D9}
		{E7F2E446-E2F5-4AD9-8328-42F1B5B4E245} = {3DC7D216-6908-4759-B86F-759FDAE393D9}
		{7A316DFB-5ECF-463E-88E7-8D3B7B5DE793} = {749B1421-3177-4C7A-A66B-541BD4E925B0}
		{3FF292B7-E167-4687-8813-FCBC05B139B9} = {ADD2EBBA-A839-4E4A-9253-CDE29A372F07}
		{76AF0280-E7F6-4853-A69F-71194F07EA9E} = {3DC7D216-6908-4759-B86F-759FDAE393D9}
		{62234AB3-F8B0-41A0-B3AE-988D7A26F91C} = {749B1421-3177-4C7A-A66B-541BD4E925B0}
		{B51A4631-F1C4-44A6-9F3C-F0AD0AE65697} = {ADD2EBBA-A839-4E4A-9253-CDE29A372F07}
		{6BCF181C-1BAA-4B9C-8E32-EB46409CDF01} = {749B1421-3177-4C7A-A66B-541BD4E925B0}
		{EDCD789B-FD17-449E-80D5-70E6E93F35F1} = {749B1421-3177-4C7A-A66B-541BD4E925B0}
		{7A219941-ABC1-4586-9C6E-8D268D13F96F} = {ADD2EBBA-A839-4E4A-9253-CDE29A372F07}
		{C1385EB8-4F54-4869-83A0-72D85A5E986C} = {ADD2EBBA-A839-4E4A-9253-CDE29A372F07}
		{67271302-6660-4B59-A478-409E3012EFB9} = {749B1421-3177-4C7A-A66B-541BD4E925B0}
		{B2A23024-1C00-4946-836A-5135E520D823} = {749B1421-3177-4C7A-A66B-541BD4E925B0}
		{87818839-601A-4D13-ADDC-368E2D4684C7} = {749B1421-3177-4C7A-A66B-541BD4E925B0}
		{3417B7EB-04AD-4C52-B2A5-0817C1D44196} = {749B1421-3177-4C7A-A66B-541BD4E925B0}
		{1982BC61-EAE7-4321-A37B-3C9E3CFC83C8} = {749B1421-3177-4C7A-A66B-541BD4E925B0}
		{7A901315-9B01-4757-8F28-EC26BA0DBF1A} = {ADD2EBBA-A839-4E4A-9253-CDE29A372F07}
		{1DDFCB68-B1B3-4A77-A00C-EC51F260F08A} = {3DC7D216-6908-4759-B86F-759FDAE393D9}
	EndGlobalSection
	GlobalSection(ExtensibilityGlobals) = postSolution
		SolutionGuid = {5E91C34C-3AEC-4084-BA02-753C9236AA34}
	EndGlobalSection
EndGlobal
