{
  "version": 2,
  "dependencies": {
    "net8.0": {
      "Grpc.Tools": {
        "type": "Direct",
        "requested": "[2.81.0, )",
        "resolved": "2.81.0",
        "contentHash": "UsaX2r6YYEeRS2xtgQIlWyOMyr6336LSgFgfwmCnv2xhhHWa/X/qe0P8SWkpL1Y0iiD4SSsOFoNuaT5WIsRaPw=="
      },
      "Microsoft.Extensions.DependencyInjection.Abstractions": {
        "type": "Direct",
        "requested": "[9.0.14, )",
        "resolved": "9.0.14",
        "contentHash": "LezJ0enh6upO5EnPwACOZc/DdT1A8lvX6HPl/0rbe0eGt9rTDDPfx+Ny9OYZqf4g25Y3hOfWBQtRfMzueINNVQ=="
      },
      "Microsoft.Extensions.Hosting": {
        "type": "Direct",
        "requested": "[9.0.14, )",
        "resolved": "9.0.14",
        "contentHash": "LbdbRls0LcTwF39hcCg6NG2MMezFKMRAjLRfnTbPCaAwcdvD9Dh3ILD/fQ69bUA1Il4P2r0j9nPlxpwRPY2ncQ==",
        "dependencies": {
          "Microsoft.Extensions.Configuration": "9.0.14",
          "Microsoft.Extensions.Configuration.Abstractions": "9.0.14",
          "Microsoft.Extensions.Configuration.Binder": "9.0.14",
          "Microsoft.Extensions.Configuration.CommandLine": "9.0.14",
          "Microsoft.Extensions.Configuration.EnvironmentVariables": "9.0.14",
          "Microsoft.Extensions.Configuration.FileExtensions": "9.0.14",
          "Microsoft.Extensions.Configuration.Json": "9.0.14",
          "Microsoft.Extensions.Configuration.UserSecrets": "9.0.14",
          "Microsoft.Extensions.DependencyInjection": "9.0.14",
          "Microsoft.Extensions.DependencyInjection.Abstractions": "9.0.14",
          "Microsoft.Extensions.Diagnostics": "9.0.14",
          "Microsoft.Extensions.FileProviders.Abstractions": "9.0.14",
          "Microsoft.Extensions.FileProviders.Physical": "9.0.14",
          "Microsoft.Extensions.Hosting.Abstractions": "9.0.14",
          "Microsoft.Extensions.Logging": "9.0.14",
          "Microsoft.Extensions.Logging.Abstractions": "9.0.14",
          "Microsoft.Extensions.Logging.Configuration": "9.0.14",
          "Microsoft.Extensions.Logging.Console": "9.0.14",
          "Microsoft.Extensions.Logging.Debug": "9.0.14",
          "Microsoft.Extensions.Logging.EventLog": "9.0.14",
          "Microsoft.Extensions.Logging.EventSource": "9.0.14",
          "Microsoft.Extensions.Options": "9.0.14"
        }
      },
      "Microsoft.NET.Test.Sdk": {
        "type": "Direct",
        "requested": "[18.6.0, )",
        "resolved": "18.6.0",
        "contentHash": "kAIBt0MsYR0o2RULmlW5BhQ1ha50aGEgLKG4f1p0kePBGLJCprqs3S+NxRrYN8UH7mSQRPKpeiH9mwPMEKUObQ==",
        "dependencies": {
          "Microsoft.CodeCoverage": "18.6.0",
          "Microsoft.TestPlatform.TestHost": "18.6.0"
        }
      },
      "xunit": {
        "type": "Direct",
        "requested": "[2.9.3, )",
        "resolved": "2.9.3",
        "contentHash": "TlXQBinK35LpOPKHAqbLY4xlEen9TBafjs0V5KnA4wZsoQLQJiirCR4CbIXvOH8NzkW4YeJKP5P/Bnrodm0h9Q==",
        "dependencies": {
          "xunit.analyzers": "1.18.0",
          "xunit.assert": "2.9.3",
          "xunit.core": "[2.9.3]"
        }
      },
      "xunit.runner.visualstudio": {
        "type": "Direct",
        "requested": "[3.1.5, )",
        "resolved": "3.1.5",
        "contentHash": "tKi7dSTwP4m5m9eXPM2Ime4Kn7xNf4x4zT9sdLO/G4hZVnQCRiMTWoSZqI/pYTVeI27oPPqHBKYI/DjJ9GsYgA=="
      },
      "Microsoft.CodeCoverage": {
        "type": "Transitive",
        "resolved": "18.6.0",
        "contentHash": "bkmCXn/65Cd0LdO2zTb/ValGAJ1H8y/CgYOiBb3jsDyHI3Y1ljKx6RBvhvn3e5D/4R4I00RRwLf+Bd2Sn6bJjA=="
      },
      "Microsoft.Extensions.Configuration.Binder": {
        "type": "Transitive",
        "resolved": "9.0.14",
        "contentHash": "gGt4ujrlCbwewl2vzu7kO2CX0tCTTYbTg4Cg7s0HXkMTdmL/Fv6jnIFAWaAjJeLWQDaRqnmbaF2Cth+tSubeqw==",
        "dependencies": {
          "Microsoft.Extensions.Configuration.Abstractions": "9.0.14"
        }
      },
      "Microsoft.Extensions.Configuration.CommandLine": {
        "type": "Transitive",
        "resolved": "9.0.14",
        "contentHash": "QnhXHOSHHLbyTwXFol3ViXMoGigY3a9okHxdJwB+4LYwwyKZ9KHTwwAXuxqTLrXREdYXbjRWCw8LQQ4NL65LqA==",
        "dependencies": {
          "Microsoft.Extensions.Configuration": "9.0.14",
          "Microsoft.Extensions.Configuration.Abstractions": "9.0.14"
        }
      },
      "Microsoft.Extensions.Configuration.FileExtensions": {
        "type": "Transitive",
        "resolved": "9.0.14",
        "contentHash": "YX+fdgIRM8aoSQWeLSs59RIiwsA2ySpRxe6DobwG9QKBlHdj+0c55YBXKmntcvrEAFrGUz9U7fI2drnVAkTJkg==",
        "dependencies": {
          "Microsoft.Extensions.Configuration": "9.0.14",
          "Microsoft.Extensions.Configuration.Abstractions": "9.0.14",
          "Microsoft.Extensions.FileProviders.Abstractions": "9.0.14",
          "Microsoft.Extensions.FileProviders.Physical": "9.0.14",
          "Microsoft.Extensions.Primitives": "9.0.14"
        }
      },
      "Microsoft.Extensions.Configuration.UserSecrets": {
        "type": "Transitive",
        "resolved": "9.0.14",
        "contentHash": "UOJO0d5wqnNZMssMjGa5rAPkv7MUTCx/m9FHqJ8cosopreMolQ35m0sAJNupDf/4yBQH5D12KzfJDsfZ+uuNYw==",
        "dependencies": {
          "Microsoft.Extensions.Configuration.Abstractions": "9.0.14",
          "Microsoft.Extensions.Configuration.Json": "9.0.14",
          "Microsoft.Extensions.FileProviders.Abstractions": "9.0.14",
          "Microsoft.Extensions.FileProviders.Physical": "9.0.14"
        }
      },
      "Microsoft.Extensions.DependencyInjection": {
        "type": "Transitive",
        "resolved": "9.0.14",
        "contentHash": "p6qFGRiZK2kSNWf/smkpb2qrnwMGb5WX9RV7MV9TKxmhEjgB6fx8kjRT5CbKsF1kaTzJU6q/P/8YxfEDO2Hb8g==",
        "dependencies": {
          "Microsoft.Extensions.DependencyInjection.Abstractions": "9.0.14"
        }
      },
      "Microsoft.Extensions.Diagnostics": {
        "type": "Transitive",
        "resolved": "9.0.14",
        "contentHash": "oNIPXGcgrrN6wlIjaaiN3jK4Pb+8eUi7xLyb3yueaZQXovci2g3/UdIYSdwqaTGHvIJEXpuceNW05UNvyVG0bA==",
        "dependencies": {
          "Microsoft.Extensions.Configuration": "9.0.14",
          "Microsoft.Extensions.Diagnostics.Abstractions": "9.0.14",
          "Microsoft.Extensions.Options.ConfigurationExtensions": "9.0.14"
        }
      },
      "Microsoft.Extensions.Diagnostics.Abstractions": {
        "type": "Transitive",
        "resolved": "9.0.14",
        "contentHash": "w6Zc/2QvDXMoewCcAkIAg/n1nsoe4o7kdbw7zf6qDsRuGPpM8oniMcqKJWvs7OMB7v9gUT5tNzK4rn4wyIybSA==",
        "dependencies": {
          "Microsoft.Extensions.DependencyInjection.Abstractions": "9.0.14",
          "Microsoft.Extensions.Options": "9.0.14",
          "System.Diagnostics.DiagnosticSource": "9.0.14"
        }
      },
      "Microsoft.Extensions.FileProviders.Abstractions": {
        "type": "Transitive",
        "resolved": "9.0.14",
        "contentHash": "zQHjufn8oR4VdjtrCQZNTfNKolDeT/VOhF/YFsZqaQMHZzTIMzWD56UpoEMQYbYwjxiTRzRGuNfFlINP0AcC6w==",
        "dependencies": {
          "Microsoft.Extensions.Primitives": "9.0.14"
        }
      },
      "Microsoft.Extensions.FileProviders.Physical": {
        "type": "Transitive",
        "resolved": "9.0.14",
        "contentHash": "HDCMbfx2H8mB03zJ9J32LL9Nk5OiQG6HP3/w7lx5NjME2LmNZYPkot9dkgIqx0uIFbASqVitdAx360t+NFJTOA==",
        "dependencies": {
          "Microsoft.Extensions.FileProviders.Abstractions": "9.0.14",
          "Microsoft.Extensions.FileSystemGlobbing": "9.0.14",
          "Microsoft.Extensions.Primitives": "9.0.14"
        }
      },
      "Microsoft.Extensions.FileSystemGlobbing": {
        "type": "Transitive",
        "resolved": "9.0.14",
        "contentHash": "uYxJNeUj26GqB15TZqSUgv1bABznI1UybVBd0p30TgbAF2PtR/LE19QLGoQqMDFScliXUSB02jVkm78FTdnQ0A=="
      },
      "Microsoft.Extensions.Logging": {
        "type": "Transitive",
        "resolved": "9.0.14",
        "contentHash": "z1VeGpJzXezF8DJScU7q4NS30NC/X5tnmv/F6t8AWu4PG4oGX2cVGcfaRRxaFLS1Kq77hd4f8xqySj5F8VZImQ==",
        "dependencies": {
          "Microsoft.Extensions.DependencyInjection": "9.0.14",
          "Microsoft.Extensions.Logging.Abstractions": "9.0.14",
          "Microsoft.Extensions.Options": "9.0.14"
        }
      },
      "Microsoft.Extensions.Logging.Configuration": {
        "type": "Transitive",
        "resolved": "9.0.14",
        "contentHash": "3J3u4UBYtBwb21/42rOEQp+rjEOcZK30SdSgF0F9cmAnC0j2CKG8pFgMRFYpnwIjeeu9RY3eUglTZVbypVSpRQ==",
        "dependencies": {
          "Microsoft.Extensions.Configuration": "9.0.14",
          "Microsoft.Extensions.Configuration.Abstractions": "9.0.14",
          "Microsoft.Extensions.Configuration.Binder": "9.0.14",
          "Microsoft.Extensions.DependencyInjection.Abstractions": "9.0.14",
          "Microsoft.Extensions.Logging": "9.0.14",
          "Microsoft.Extensions.Logging.Abstractions": "9.0.14",
          "Microsoft.Extensions.Options": "9.0.14",
          "Microsoft.Extensions.Options.ConfigurationExtensions": "9.0.14"
        }
      },
      "Microsoft.Extensions.Logging.Console": {
        "type": "Transitive",
        "resolved": "9.0.14",
        "contentHash": "8r1FpTv+TAWUPtAK5u52sYuy66kBT3nOc2zZAnVdlM1iIyoOEHuu0llpLaCjJbbYTNnAxoQEQflILvkABm/eQA==",
        "dependencies": {
          "Microsoft.Extensions.DependencyInjection.Abstractions": "9.0.14",
          "Microsoft.Extensions.Logging": "9.0.14",
          "Microsoft.Extensions.Logging.Abstractions": "9.0.14",
          "Microsoft.Extensions.Logging.Configuration": "9.0.14",
          "Microsoft.Extensions.Options": "9.0.14",
          "System.Text.Json": "9.0.14"
        }
      },
      "Microsoft.Extensions.Logging.Debug": {
        "type": "Transitive",
        "resolved": "9.0.14",
        "contentHash": "Brw5bNbJG1JykuXlkJ0B/JxPHxrhlz9wY9iN8YoBFTYcKIUKkxdNk/ntWC7A1EnsRZ2ZpndxBT0NHW68Q3iwKw==",
        "dependencies": {
          "Microsoft.Extensions.DependencyInjection.Abstractions": "9.0.14",
          "Microsoft.Extensions.Logging": "9.0.14",
          "Microsoft.Extensions.Logging.Abstractions": "9.0.14"
        }
      },
      "Microsoft.Extensions.Logging.EventLog": {
        "type": "Transitive",
        "resolved": "9.0.14",
        "contentHash": "MFJ0hijS3lqgNMch11dPgd4ua1KOC5yiKqFFyDITVV7iGoaB6GBHS8c6kF4z3bQpT6gk1+fDwcLV2Won8m4a+w==",
        "dependencies": {
          "Microsoft.Extensions.DependencyInjection.Abstractions": "9.0.14",
          "Microsoft.Extensions.Logging": "9.0.14",
          "Microsoft.Extensions.Logging.Abstractions": "9.0.14",
          "Microsoft.Extensions.Options": "9.0.14",
          "System.Diagnostics.EventLog": "9.0.14"
        }
      },
      "Microsoft.Extensions.Logging.EventSource": {
        "type": "Transitive",
        "resolved": "9.0.14",
        "contentHash": "EVFY61lT5r7/ffEKWwn5AGb4OQYoc1c6it/gzo3o8PIyJ+T3Ux6bb4rkCoyMMEzUvN/9EbuJg9o+B2aTeFlzgA==",
        "dependencies": {
          "Microsoft.Extensions.DependencyInjection.Abstractions": "9.0.14",
          "Microsoft.Extensions.Logging": "9.0.14",
          "Microsoft.Extensions.Logging.Abstractions": "9.0.14",
          "Microsoft.Extensions.Options": "9.0.14",
          "Microsoft.Extensions.Primitives": "9.0.14",
          "System.Text.Json": "9.0.14"
        }
      },
      "Microsoft.Extensions.Primitives": {
        "type": "Transitive",
        "resolved": "9.0.14",
        "contentHash": "1bP1fEv6MdXvX4TsxrT94AE2aOIPI9p0xgVsxUliB91wDXHUwbBHV1hXKbfu0ZHEdBuYEusyTVoUwUXp71fh8w=="
      },
      "Microsoft.TestPlatform.ObjectModel": {
        "type": "Transitive",
        "resolved": "18.6.0",
        "contentHash": "gQTW4BIfM2ZLxixo9ITXoulLKjn20FiiHtqTsx9PENqTrX7368ZeJ5L0QZJyReXDWORPRV8jXwZR6Aar8JOyaA==",
        "dependencies": {
          "System.Reflection.Metadata": "8.0.0"
        }
      },
      "Microsoft.TestPlatform.TestHost": {
        "type": "Transitive",
        "resolved": "18.6.0",
        "contentHash": "em1eLz5Q46+hsCtAXdXggWAPd9gQyT4ngdsQ7k1eWvQgpsjtS/wAOJ/5TteieFdiAvrEq1iVn00LtusAxRaVmQ==",
        "dependencies": {
          "Microsoft.TestPlatform.ObjectModel": "18.6.0",
          "Newtonsoft.Json": "13.0.3"
        }
      },
      "System.Collections.Immutable": {
        "type": "Transitive",
        "resolved": "8.0.0",
        "contentHash": "AurL6Y5BA1WotzlEvVaIDpqzpIPvYnnldxru8oXJU2yFxFUy3+pNXjXd1ymO+RA0rq0+590Q8gaz2l3Sr7fmqg=="
      },
      "System.Diagnostics.DiagnosticSource": {
        "type": "Transitive",
        "resolved": "9.0.14",
        "contentHash": "DancqiEgIh374baAc/wUpWoLZh6yPECMDwODJH6hqwBBccKATIANQl5VqZRfuVkt54UgiKeX6cnvVRwz8+FeqA=="
      },
      "System.Diagnostics.EventLog": {
        "type": "Transitive",
        "resolved": "9.0.14",
        "contentHash": "65Z5r1XOAN4dqohIoWSDf+9iq3V1xVRdpS03LMvnRdlrEH+zAJ80PFbvqaRXtgG6VbQZTnCB2zqJP9Q/RjaQsw=="
      },
      "System.IO.Pipelines": {
        "type": "Transitive",
        "resolved": "9.0.14",
        "contentHash": "NSwZ6BYwRoeaUK6s+QRxgymRvPviOzjCE3wscqMYA8Onf1bAvP/oGeRB25BX94De0Y5OhyWrcHQxgHy6Il3xNA=="
      },
      "System.Reflection.Metadata": {
        "type": "Transitive",
        "resolved": "8.0.0",
        "contentHash": "ptvgrFh7PvWI8bcVqG5rsA/weWM09EnthFHR5SCnS6IN+P4mj6rE1lBDC4U8HL9/57htKAqy4KQ3bBj84cfYyQ==",
        "dependencies": {
          "System.Collections.Immutable": "8.0.0"
        }
      },
      "System.Text.Encodings.Web": {
        "type": "Transitive",
        "resolved": "9.0.14",
        "contentHash": "+B8+hIWaVrWuQB/CgjqQ5rxTtVbl/iOV3d3m/wvVLaTKYltLbXcQlwt4FUm+0FvzRg2kz9KGVFQIJDKqGe3wEQ=="
      },
      "xunit.abstractions": {
        "type": "Transitive",
        "resolved": "2.0.3",
        "contentHash": "pot1I4YOxlWjIb5jmwvvQNbTrZ3lJQ+jUGkGjWE3hEFM0l5gOnBWS+H3qsex68s5cO52g+44vpGzhAt+42vwKg=="
      },
      "xunit.analyzers": {
        "type": "Transitive",
        "resolved": "1.18.0",
        "contentHash": "OtFMHN8yqIcYP9wcVIgJrq01AfTxijjAqVDy/WeQVSyrDC1RzBWeQPztL49DN2syXRah8TYnfvk035s7L95EZQ=="
      },
      "xunit.assert": {
        "type": "Transitive",
        "resolved": "2.9.3",
        "contentHash": "/Kq28fCE7MjOV42YLVRAJzRF0WmEqsmflm0cfpMjGtzQ2lR5mYVj1/i0Y8uDAOLczkL3/jArrwehfMD0YogMAA=="
      },
      "xunit.core": {
        "type": "Transitive",
        "resolved": "2.9.3",
        "contentHash": "BiAEvqGvyme19wE0wTKdADH+NloYqikiU0mcnmiNyXaF9HyHmE6sr/3DC5vnBkgsWaE6yPyWszKSPSApWdRVeQ==",
        "dependencies": {
          "xunit.extensibility.core": "[2.9.3]",
          "xunit.extensibility.execution": "[2.9.3]"
        }
      },
      "xunit.extensibility.core": {
        "type": "Transitive",
        "resolved": "2.9.3",
        "contentHash": "kf3si0YTn2a8J8eZNb+zFpwfoyvIrQ7ivNk5ZYA5yuYk1bEtMe4DxJ2CF/qsRgmEnDr7MnW1mxylBaHTZ4qErA==",
        "dependencies": {
          "xunit.abstractions": "2.0.3"
        }
      },
      "xunit.extensibility.execution": {
        "type": "Transitive",
        "resolved": "2.9.3",
        "contentHash": "yMb6vMESlSrE3Wfj7V6cjQ3S4TXdXpRqYeNEI3zsX31uTsGMJjEw6oD5F5u1cHnMptjhEECnmZSsPxB6ChZHDQ==",
        "dependencies": {
          "xunit.extensibility.core": "[2.9.3]"
        }
      },
      "motor.extensions.contentencoding.abstractions": {
        "type": "Project",
        "dependencies": {
          "CloudNative.CloudEvents": "[2.8.0, )",
          "Microsoft.Extensions.Options": "[9.0.14, )",
          "Motor.Extensions.Hosting.CloudEvents": "[0.18.2, )"
        }
      },
      "motor.extensions.conversion.abstractions": {
        "type": "Project"
      },
      "motor.extensions.conversion.protobuf": {
        "type": "Project",
        "dependencies": {
          "Google.Protobuf": "[3.35.0, )",
          "Microsoft.Extensions.DependencyInjection.Abstractions": "[9.0.14, )",
          "Microsoft.Extensions.Hosting.Abstractions": "[9.0.14, )",
          "Motor.Extensions.Conversion.Abstractions": "[0.18.2, )",
          "Motor.Extensions.Hosting.Abstractions": "[0.18.2, )"
        }
      },
      "motor.extensions.hosting.abstractions": {
        "type": "Project",
        "dependencies": {
          "CloudNative.CloudEvents": "[2.8.0, )",
          "Microsoft.Extensions.Configuration.Abstractions": "[9.0.14, )",
          "Microsoft.Extensions.DependencyInjection.Abstractions": "[9.0.14, )",
          "Microsoft.Extensions.Hosting.Abstractions": "[9.0.14, )",
          "Microsoft.Extensions.Logging.Abstractions": "[9.0.14, )",
          "Motor.Extensions.ContentEncoding.Abstractions": "[0.18.2, )",
          "Motor.Extensions.Conversion.Abstractions": "[0.18.2, )",
          "Motor.Extensions.Hosting.CloudEvents": "[0.18.2, )"
        }
      },
      "motor.extensions.hosting.cloudevents": {
        "type": "Project",
        "dependencies": {
          "CloudNative.CloudEvents": "[2.8.0, )"
        }
      },
      "CloudNative.CloudEvents": {
        "type": "CentralTransitive",
        "requested": "[2.8.0, )",
        "resolved": "2.8.0",
        "contentHash": "RvabvAQV7u3FZcZL5UlRmFz3/T5nMl86GpChpRvHKRHbO+/I4LBcZ0xRqYnNfAh30gM+h/JkSBHEnbhl0zmGtA=="
      },
      "Google.Protobuf": {
        "type": "CentralTransitive",
        "requested": "[3.35.0, )",
        "resolved": "3.35.0",
        "contentHash": "OrUZCUzBXqdSmsQSWp/EPeINjOBcMU+PrZEJegw0aLgOGFHZ9ZI37X/SFrIxo8C9ghKynaKpPr3BVPc4EujWYg=="
      },
      "Microsoft.Extensions.Configuration": {
        "type": "CentralTransitive",
        "requested": "[9.0.14, )",
        "resolved": "9.0.14",
        "contentHash": "wel8GgcNuuCIjZxp1E6CdEMdMA/l01ZAqra1R26DBnp45O/03ZvCcNrGjgKSQLxRF+1kb8gtDL5uZt/1a0AbbQ==",
        "dependencies": {
          "Microsoft.Extensions.Configuration.Abstractions": "9.0.14",
          "Microsoft.Extensions.Primitives": "9.0.14"
        }
      },
      "Microsoft.Extensions.Configuration.Abstractions": {
        "type": "CentralTransitive",
        "requested": "[9.0.14, )",
        "resolved": "9.0.14",
        "contentHash": "hoAjCCsJ/fANjaP6hUPru11b/y2evaDJ1m7uRBQU57Mrq0k1NkZLA3qP0zN+EOj2mvM9DXGlNwnLf3H1tRF05w==",
        "dependencies": {
          "Microsoft.Extensions.Primitives": "9.0.14"
        }
      },
      "Microsoft.Extensions.Configuration.EnvironmentVariables": {
        "type": "CentralTransitive",
        "requested": "[9.0.14, )",
        "resolved": "9.0.14",
        "contentHash": "4llj1N/mlNJLQj1iLcUx2E1tE3am2+qLOkvVrhrtaN1AEZnUGVPKN88vE9AaqLa5CozK5dne1BUJoqBOojrZBA==",
        "dependencies": {
          "Microsoft.Extensions.Configuration": "9.0.14",
          "Microsoft.Extensions.Configuration.Abstractions": "9.0.14"
        }
      },
      "Microsoft.Extensions.Configuration.Json": {
        "type": "CentralTransitive",
        "requested": "[9.0.14, )",
        "resolved": "9.0.14",
        "contentHash": "qKcdX96LHsKP4FawWJgLXeX4mc1l5se/gKOINeqRcekkQwC8u0GTl09+yEJpyJVz8LjKPvM/jqaHnqEE7e92pw==",
        "dependencies": {
          "Microsoft.Extensions.Configuration": "9.0.14",
          "Microsoft.Extensions.Configuration.Abstractions": "9.0.14",
          "Microsoft.Extensions.Configuration.FileExtensions": "9.0.14",
          "Microsoft.Extensions.FileProviders.Abstractions": "9.0.14",
          "System.Text.Json": "9.0.14"
        }
      },
      "Microsoft.Extensions.Hosting.Abstractions": {
        "type": "CentralTransitive",
        "requested": "[9.0.14, )",
        "resolved": "9.0.14",
        "contentHash": "OYqHzVwHZ1u43vFkO6WQk8olZ/G+Lzrcbv+6h0ufJNfOA2NSLuyhDT0k9paaViBxvKEbOU2L+s2zLcprtZGDvA==",
        "dependencies": {
          "Microsoft.Extensions.Configuration.Abstractions": "9.0.14",
          "Microsoft.Extensions.DependencyInjection.Abstractions": "9.0.14",
          "Microsoft.Extensions.Diagnostics.Abstractions": "9.0.14",
          "Microsoft.Extensions.FileProviders.Abstractions": "9.0.14",
          "Microsoft.Extensions.Logging.Abstractions": "9.0.14"
        }
      },
      "Microsoft.Extensions.Logging.Abstractions": {
        "type": "CentralTransitive",
        "requested": "[9.0.14, )",
        "resolved": "9.0.14",
        "contentHash": "uodlxeHHtvEgrAXzHa5T+ESnQhxCk/QSONpiabWjZ8Hn+PcMkXtmbX8YkL1XcFGHqj7hZXUAe2pq7gBptPTz2Q==",
        "dependencies": {
          "Microsoft.Extensions.DependencyInjection.Abstractions": "9.0.14",
          "System.Diagnostics.DiagnosticSource": "9.0.14"
        }
      },
      "Microsoft.Extensions.Options": {
        "type": "CentralTransitive",
        "requested": "[9.0.14, )",
        "resolved": "9.0.14",
        "contentHash": "hwn0jONblkFl4k5qcDBKuE/BrLxgBN9OOttnoIRsJgDlsxhwuGoVaHJtWdpTg8adDRMlgMrgeuv8WjMG7UnfUg==",
        "dependencies": {
          "Microsoft.Extensions.DependencyInjection.Abstractions": "9.0.14",
          "Microsoft.Extensions.Primitives": "9.0.14"
        }
      },
      "Microsoft.Extensions.Options.ConfigurationExtensions": {
        "type": "CentralTransitive",
        "requested": "[9.0.14, )",
        "resolved": "9.0.14",
        "contentHash": "JEru5Xno8+JzjqCeSzfCtmWqMv4Js1sw4yzflbGMoWe/3VmZlhWRIlbJDbbi78r222BmteOL0b0c/Wct6Jp1AA==",
        "dependencies": {
          "Microsoft.Extensions.Configuration.Abstractions": "9.0.14",
          "Microsoft.Extensions.Configuration.Binder": "9.0.14",
          "Microsoft.Extensions.DependencyInjection.Abstractions": "9.0.14",
          "Microsoft.Extensions.Options": "9.0.14",
          "Microsoft.Extensions.Primitives": "9.0.14"
        }
      },
      "Newtonsoft.Json": {
        "type": "CentralTransitive",
        "requested": "[13.0.4, )",
        "resolved": "13.0.3",
        "contentHash": "HrC5BXdl00IP9zeV+0Z848QWPAoCr9P3bDEZguI+gkLcBKAOxix/tLEAAHC+UvDNPv4a2d18lOReHMOagPa+zQ=="
      },
      "System.Text.Json": {
        "type": "CentralTransitive",
        "requested": "[9.0.14, )",
        "resolved": "9.0.14",
        "contentHash": "zahtYv0C3LAIUUSiEwuL9QAtal8X1cp32qua8JWMjgoik33BpRU9ziLT9QJukF39y/G43VeTn0XFcDujzeFMMA==",
        "dependencies": {
          "System.IO.Pipelines": "9.0.14",
          "System.Text.Encodings.Web": "9.0.14"
        }
      }
    },
    "net9.0": {
      "Grpc.Tools": {
        "type": "Direct",
        "requested": "[2.81.0, )",
        "resolved": "2.81.0",
        "contentHash": "UsaX2r6YYEeRS2xtgQIlWyOMyr6336LSgFgfwmCnv2xhhHWa/X/qe0P8SWkpL1Y0iiD4SSsOFoNuaT5WIsRaPw=="
      },
      "Microsoft.Extensions.DependencyInjection.Abstractions": {
        "type": "Direct",
        "requested": "[9.0.14, )",
        "resolved": "9.0.14",
        "contentHash": "LezJ0enh6upO5EnPwACOZc/DdT1A8lvX6HPl/0rbe0eGt9rTDDPfx+Ny9OYZqf4g25Y3hOfWBQtRfMzueINNVQ=="
      },
      "Microsoft.Extensions.Hosting": {
        "type": "Direct",
        "requested": "[9.0.14, )",
        "resolved": "9.0.14",
        "contentHash": "LbdbRls0LcTwF39hcCg6NG2MMezFKMRAjLRfnTbPCaAwcdvD9Dh3ILD/fQ69bUA1Il4P2r0j9nPlxpwRPY2ncQ==",
        "dependencies": {
          "Microsoft.Extensions.Configuration": "9.0.14",
          "Microsoft.Extensions.Configuration.Abstractions": "9.0.14",
          "Microsoft.Extensions.Configuration.Binder": "9.0.14",
          "Microsoft.Extensions.Configuration.CommandLine": "9.0.14",
          "Microsoft.Extensions.Configuration.EnvironmentVariables": "9.0.14",
          "Microsoft.Extensions.Configuration.FileExtensions": "9.0.14",
          "Microsoft.Extensions.Configuration.Json": "9.0.14",
          "Microsoft.Extensions.Configuration.UserSecrets": "9.0.14",
          "Microsoft.Extensions.DependencyInjection": "9.0.14",
          "Microsoft.Extensions.DependencyInjection.Abstractions": "9.0.14",
          "Microsoft.Extensions.Diagnostics": "9.0.14",
          "Microsoft.Extensions.FileProviders.Abstractions": "9.0.14",
          "Microsoft.Extensions.FileProviders.Physical": "9.0.14",
          "Microsoft.Extensions.Hosting.Abstractions": "9.0.14",
          "Microsoft.Extensions.Logging": "9.0.14",
          "Microsoft.Extensions.Logging.Abstractions": "9.0.14",
          "Microsoft.Extensions.Logging.Configuration": "9.0.14",
          "Microsoft.Extensions.Logging.Console": "9.0.14",
          "Microsoft.Extensions.Logging.Debug": "9.0.14",
          "Microsoft.Extensions.Logging.EventLog": "9.0.14",
          "Microsoft.Extensions.Logging.EventSource": "9.0.14",
          "Microsoft.Extensions.Options": "9.0.14"
        }
      },
      "Microsoft.NET.Test.Sdk": {
        "type": "Direct",
        "requested": "[18.6.0, )",
        "resolved": "18.6.0",
        "contentHash": "kAIBt0MsYR0o2RULmlW5BhQ1ha50aGEgLKG4f1p0kePBGLJCprqs3S+NxRrYN8UH7mSQRPKpeiH9mwPMEKUObQ==",
        "dependencies": {
          "Microsoft.CodeCoverage": "18.6.0",
          "Microsoft.TestPlatform.TestHost": "18.6.0"
        }
      },
      "xunit": {
        "type": "Direct",
        "requested": "[2.9.3, )",
        "resolved": "2.9.3",
        "contentHash": "TlXQBinK35LpOPKHAqbLY4xlEen9TBafjs0V5KnA4wZsoQLQJiirCR4CbIXvOH8NzkW4YeJKP5P/Bnrodm0h9Q==",
        "dependencies": {
          "xunit.analyzers": "1.18.0",
          "xunit.assert": "2.9.3",
          "xunit.core": "[2.9.3]"
        }
      },
      "xunit.runner.visualstudio": {
        "type": "Direct",
        "requested": "[3.1.5, )",
        "resolved": "3.1.5",
        "contentHash": "tKi7dSTwP4m5m9eXPM2Ime4Kn7xNf4x4zT9sdLO/G4hZVnQCRiMTWoSZqI/pYTVeI27oPPqHBKYI/DjJ9GsYgA=="
      },
      "Microsoft.CodeCoverage": {
        "type": "Transitive",
        "resolved": "18.6.0",
        "contentHash": "bkmCXn/65Cd0LdO2zTb/ValGAJ1H8y/CgYOiBb3jsDyHI3Y1ljKx6RBvhvn3e5D/4R4I00RRwLf+Bd2Sn6bJjA=="
      },
      "Microsoft.Extensions.Configuration.Binder": {
        "type": "Transitive",
        "resolved": "9.0.14",
        "contentHash": "gGt4ujrlCbwewl2vzu7kO2CX0tCTTYbTg4Cg7s0HXkMTdmL/Fv6jnIFAWaAjJeLWQDaRqnmbaF2Cth+tSubeqw==",
        "dependencies": {
          "Microsoft.Extensions.Configuration.Abstractions": "9.0.14"
        }
      },
      "Microsoft.Extensions.Configuration.CommandLine": {
        "type": "Transitive",
        "resolved": "9.0.14",
        "contentHash": "QnhXHOSHHLbyTwXFol3ViXMoGigY3a9okHxdJwB+4LYwwyKZ9KHTwwAXuxqTLrXREdYXbjRWCw8LQQ4NL65LqA==",
        "dependencies": {
          "Microsoft.Extensions.Configuration": "9.0.14",
          "Microsoft.Extensions.Configuration.Abstractions": "9.0.14"
        }
      },
      "Microsoft.Extensions.Configuration.FileExtensions": {
        "type": "Transitive",
        "resolved": "9.0.14",
        "contentHash": "YX+fdgIRM8aoSQWeLSs59RIiwsA2ySpRxe6DobwG9QKBlHdj+0c55YBXKmntcvrEAFrGUz9U7fI2drnVAkTJkg==",
        "dependencies": {
          "Microsoft.Extensions.Configuration": "9.0.14",
          "Microsoft.Extensions.Configuration.Abstractions": "9.0.14",
          "Microsoft.Extensions.FileProviders.Abstractions": "9.0.14",
          "Microsoft.Extensions.FileProviders.Physical": "9.0.14",
          "Microsoft.Extensions.Primitives": "9.0.14"
        }
      },
      "Microsoft.Extensions.Configuration.UserSecrets": {
        "type": "Transitive",
        "resolved": "9.0.14",
        "contentHash": "UOJO0d5wqnNZMssMjGa5rAPkv7MUTCx/m9FHqJ8cosopreMolQ35m0sAJNupDf/4yBQH5D12KzfJDsfZ+uuNYw==",
        "dependencies": {
          "Microsoft.Extensions.Configuration.Abstractions": "9.0.14",
          "Microsoft.Extensions.Configuration.Json": "9.0.14",
          "Microsoft.Extensions.FileProviders.Abstractions": "9.0.14",
          "Microsoft.Extensions.FileProviders.Physical": "9.0.14"
        }
      },
      "Microsoft.Extensions.DependencyInjection": {
        "type": "Transitive",
        "resolved": "9.0.14",
        "contentHash": "p6qFGRiZK2kSNWf/smkpb2qrnwMGb5WX9RV7MV9TKxmhEjgB6fx8kjRT5CbKsF1kaTzJU6q/P/8YxfEDO2Hb8g==",
        "dependencies": {
          "Microsoft.Extensions.DependencyInjection.Abstractions": "9.0.14"
        }
      },
      "Microsoft.Extensions.Diagnostics": {
        "type": "Transitive",
        "resolved": "9.0.14",
        "contentHash": "oNIPXGcgrrN6wlIjaaiN3jK4Pb+8eUi7xLyb3yueaZQXovci2g3/UdIYSdwqaTGHvIJEXpuceNW05UNvyVG0bA==",
        "dependencies": {
          "Microsoft.Extensions.Configuration": "9.0.14",
          "Microsoft.Extensions.Diagnostics.Abstractions": "9.0.14",
          "Microsoft.Extensions.Options.ConfigurationExtensions": "9.0.14"
        }
      },
      "Microsoft.Extensions.Diagnostics.Abstractions": {
        "type": "Transitive",
        "resolved": "9.0.14",
        "contentHash": "w6Zc/2QvDXMoewCcAkIAg/n1nsoe4o7kdbw7zf6qDsRuGPpM8oniMcqKJWvs7OMB7v9gUT5tNzK4rn4wyIybSA==",
        "dependencies": {
          "Microsoft.Extensions.DependencyInjection.Abstractions": "9.0.14",
          "Microsoft.Extensions.Options": "9.0.14"
        }
      },
      "Microsoft.Extensions.FileProviders.Abstractions": {
        "type": "Transitive",
        "resolved": "9.0.14",
        "contentHash": "zQHjufn8oR4VdjtrCQZNTfNKolDeT/VOhF/YFsZqaQMHZzTIMzWD56UpoEMQYbYwjxiTRzRGuNfFlINP0AcC6w==",
        "dependencies": {
          "Microsoft.Extensions.Primitives": "9.0.14"
        }
      },
      "Microsoft.Extensions.FileProviders.Physical": {
        "type": "Transitive",
        "resolved": "9.0.14",
        "contentHash": "HDCMbfx2H8mB03zJ9J32LL9Nk5OiQG6HP3/w7lx5NjME2LmNZYPkot9dkgIqx0uIFbASqVitdAx360t+NFJTOA==",
        "dependencies": {
          "Microsoft.Extensions.FileProviders.Abstractions": "9.0.14",
          "Microsoft.Extensions.FileSystemGlobbing": "9.0.14",
          "Microsoft.Extensions.Primitives": "9.0.14"
        }
      },
      "Microsoft.Extensions.FileSystemGlobbing": {
        "type": "Transitive",
        "resolved": "9.0.14",
        "contentHash": "uYxJNeUj26GqB15TZqSUgv1bABznI1UybVBd0p30TgbAF2PtR/LE19QLGoQqMDFScliXUSB02jVkm78FTdnQ0A=="
      },
      "Microsoft.Extensions.Logging": {
        "type": "Transitive",
        "resolved": "9.0.14",
        "contentHash": "z1VeGpJzXezF8DJScU7q4NS30NC/X5tnmv/F6t8AWu4PG4oGX2cVGcfaRRxaFLS1Kq77hd4f8xqySj5F8VZImQ==",
        "dependencies": {
          "Microsoft.Extensions.DependencyInjection": "9.0.14",
          "Microsoft.Extensions.Logging.Abstractions": "9.0.14",
          "Microsoft.Extensions.Options": "9.0.14"
        }
      },
      "Microsoft.Extensions.Logging.Configuration": {
        "type": "Transitive",
        "resolved": "9.0.14",
        "contentHash": "3J3u4UBYtBwb21/42rOEQp+rjEOcZK30SdSgF0F9cmAnC0j2CKG8pFgMRFYpnwIjeeu9RY3eUglTZVbypVSpRQ==",
        "dependencies": {
          "Microsoft.Extensions.Configuration": "9.0.14",
          "Microsoft.Extensions.Configuration.Abstractions": "9.0.14",
          "Microsoft.Extensions.Configuration.Binder": "9.0.14",
          "Microsoft.Extensions.DependencyInjection.Abstractions": "9.0.14",
          "Microsoft.Extensions.Logging": "9.0.14",
          "Microsoft.Extensions.Logging.Abstractions": "9.0.14",
          "Microsoft.Extensions.Options": "9.0.14",
          "Microsoft.Extensions.Options.ConfigurationExtensions": "9.0.14"
        }
      },
      "Microsoft.Extensions.Logging.Console": {
        "type": "Transitive",
        "resolved": "9.0.14",
        "contentHash": "8r1FpTv+TAWUPtAK5u52sYuy66kBT3nOc2zZAnVdlM1iIyoOEHuu0llpLaCjJbbYTNnAxoQEQflILvkABm/eQA==",
        "dependencies": {
          "Microsoft.Extensions.DependencyInjection.Abstractions": "9.0.14",
          "Microsoft.Extensions.Logging": "9.0.14",
          "Microsoft.Extensions.Logging.Abstractions": "9.0.14",
          "Microsoft.Extensions.Logging.Configuration": "9.0.14",
          "Microsoft.Extensions.Options": "9.0.14"
        }
      },
      "Microsoft.Extensions.Logging.Debug": {
        "type": "Transitive",
        "resolved": "9.0.14",
        "contentHash": "Brw5bNbJG1JykuXlkJ0B/JxPHxrhlz9wY9iN8YoBFTYcKIUKkxdNk/ntWC7A1EnsRZ2ZpndxBT0NHW68Q3iwKw==",
        "dependencies": {
          "Microsoft.Extensions.DependencyInjection.Abstractions": "9.0.14",
          "Microsoft.Extensions.Logging": "9.0.14",
          "Microsoft.Extensions.Logging.Abstractions": "9.0.14"
        }
      },
      "Microsoft.Extensions.Logging.EventLog": {
        "type": "Transitive",
        "resolved": "9.0.14",
        "contentHash": "MFJ0hijS3lqgNMch11dPgd4ua1KOC5yiKqFFyDITVV7iGoaB6GBHS8c6kF4z3bQpT6gk1+fDwcLV2Won8m4a+w==",
        "dependencies": {
          "Microsoft.Extensions.DependencyInjection.Abstractions": "9.0.14",
          "Microsoft.Extensions.Logging": "9.0.14",
          "Microsoft.Extensions.Logging.Abstractions": "9.0.14",
          "Microsoft.Extensions.Options": "9.0.14",
          "System.Diagnostics.EventLog": "9.0.14"
        }
      },
      "Microsoft.Extensions.Logging.EventSource": {
        "type": "Transitive",
        "resolved": "9.0.14",
        "contentHash": "EVFY61lT5r7/ffEKWwn5AGb4OQYoc1c6it/gzo3o8PIyJ+T3Ux6bb4rkCoyMMEzUvN/9EbuJg9o+B2aTeFlzgA==",
        "dependencies": {
          "Microsoft.Extensions.DependencyInjection.Abstractions": "9.0.14",
          "Microsoft.Extensions.Logging": "9.0.14",
          "Microsoft.Extensions.Logging.Abstractions": "9.0.14",
          "Microsoft.Extensions.Options": "9.0.14",
          "Microsoft.Extensions.Primitives": "9.0.14"
        }
      },
      "Microsoft.Extensions.Primitives": {
        "type": "Transitive",
        "resolved": "9.0.14",
        "contentHash": "1bP1fEv6MdXvX4TsxrT94AE2aOIPI9p0xgVsxUliB91wDXHUwbBHV1hXKbfu0ZHEdBuYEusyTVoUwUXp71fh8w=="
      },
      "Microsoft.TestPlatform.ObjectModel": {
        "type": "Transitive",
        "resolved": "18.6.0",
        "contentHash": "gQTW4BIfM2ZLxixo9ITXoulLKjn20FiiHtqTsx9PENqTrX7368ZeJ5L0QZJyReXDWORPRV8jXwZR6Aar8JOyaA==",
        "dependencies": {
          "System.Reflection.Metadata": "8.0.0"
        }
      },
      "Microsoft.TestPlatform.TestHost": {
        "type": "Transitive",
        "resolved": "18.6.0",
        "contentHash": "em1eLz5Q46+hsCtAXdXggWAPd9gQyT4ngdsQ7k1eWvQgpsjtS/wAOJ/5TteieFdiAvrEq1iVn00LtusAxRaVmQ==",
        "dependencies": {
          "Microsoft.TestPlatform.ObjectModel": "18.6.0",
          "Newtonsoft.Json": "13.0.3"
        }
      },
      "System.Collections.Immutable": {
        "type": "Transitive",
        "resolved": "8.0.0",
        "contentHash": "AurL6Y5BA1WotzlEvVaIDpqzpIPvYnnldxru8oXJU2yFxFUy3+pNXjXd1ymO+RA0rq0+590Q8gaz2l3Sr7fmqg=="
      },
      "System.Diagnostics.EventLog": {
        "type": "Transitive",
        "resolved": "9.0.14",
        "contentHash": "65Z5r1XOAN4dqohIoWSDf+9iq3V1xVRdpS03LMvnRdlrEH+zAJ80PFbvqaRXtgG6VbQZTnCB2zqJP9Q/RjaQsw=="
      },
      "System.Reflection.Metadata": {
        "type": "Transitive",
        "resolved": "8.0.0",
        "contentHash": "ptvgrFh7PvWI8bcVqG5rsA/weWM09EnthFHR5SCnS6IN+P4mj6rE1lBDC4U8HL9/57htKAqy4KQ3bBj84cfYyQ==",
        "dependencies": {
          "System.Collections.Immutable": "8.0.0"
        }
      },
      "xunit.abstractions": {
        "type": "Transitive",
        "resolved": "2.0.3",
        "contentHash": "pot1I4YOxlWjIb5jmwvvQNbTrZ3lJQ+jUGkGjWE3hEFM0l5gOnBWS+H3qsex68s5cO52g+44vpGzhAt+42vwKg=="
      },
      "xunit.analyzers": {
        "type": "Transitive",
        "resolved": "1.18.0",
        "contentHash": "OtFMHN8yqIcYP9wcVIgJrq01AfTxijjAqVDy/WeQVSyrDC1RzBWeQPztL49DN2syXRah8TYnfvk035s7L95EZQ=="
      },
      "xunit.assert": {
        "type": "Transitive",
        "resolved": "2.9.3",
        "contentHash": "/Kq28fCE7MjOV42YLVRAJzRF0WmEqsmflm0cfpMjGtzQ2lR5mYVj1/i0Y8uDAOLczkL3/jArrwehfMD0YogMAA=="
      },
      "xunit.core": {
        "type": "Transitive",
        "resolved": "2.9.3",
        "contentHash": "BiAEvqGvyme19wE0wTKdADH+NloYqikiU0mcnmiNyXaF9HyHmE6sr/3DC5vnBkgsWaE6yPyWszKSPSApWdRVeQ==",
        "dependencies": {
          "xunit.extensibility.core": "[2.9.3]",
          "xunit.extensibility.execution": "[2.9.3]"
        }
      },
      "xunit.extensibility.core": {
        "type": "Transitive",
        "resolved": "2.9.3",
        "contentHash": "kf3si0YTn2a8J8eZNb+zFpwfoyvIrQ7ivNk5ZYA5yuYk1bEtMe4DxJ2CF/qsRgmEnDr7MnW1mxylBaHTZ4qErA==",
        "dependencies": {
          "xunit.abstractions": "2.0.3"
        }
      },
      "xunit.extensibility.execution": {
        "type": "Transitive",
        "resolved": "2.9.3",
        "contentHash": "yMb6vMESlSrE3Wfj7V6cjQ3S4TXdXpRqYeNEI3zsX31uTsGMJjEw6oD5F5u1cHnMptjhEECnmZSsPxB6ChZHDQ==",
        "dependencies": {
          "xunit.extensibility.core": "[2.9.3]"
        }
      },
      "motor.extensions.contentencoding.abstractions": {
        "type": "Project",
        "dependencies": {
          "CloudNative.CloudEvents": "[2.8.0, )",
          "Microsoft.Extensions.Options": "[9.0.14, )",
          "Motor.Extensions.Hosting.CloudEvents": "[0.18.2, )"
        }
      },
      "motor.extensions.conversion.abstractions": {
        "type": "Project"
      },
      "motor.extensions.conversion.protobuf": {
        "type": "Project",
        "dependencies": {
          "Google.Protobuf": "[3.35.0, )",
          "Microsoft.Extensions.DependencyInjection.Abstractions": "[9.0.14, )",
          "Microsoft.Extensions.Hosting.Abstractions": "[9.0.14, )",
          "Motor.Extensions.Conversion.Abstractions": "[0.18.2, )",
          "Motor.Extensions.Hosting.Abstractions": "[0.18.2, )"
        }
      },
      "motor.extensions.hosting.abstractions": {
        "type": "Project",
        "dependencies": {
          "CloudNative.CloudEvents": "[2.8.0, )",
          "Microsoft.Extensions.Configuration.Abstractions": "[9.0.14, )",
          "Microsoft.Extensions.DependencyInjection.Abstractions": "[9.0.14, )",
          "Microsoft.Extensions.Hosting.Abstractions": "[9.0.14, )",
          "Microsoft.Extensions.Logging.Abstractions": "[9.0.14, )",
          "Motor.Extensions.ContentEncoding.Abstractions": "[0.18.2, )",
          "Motor.Extensions.Conversion.Abstractions": "[0.18.2, )",
          "Motor.Extensions.Hosting.CloudEvents": "[0.18.2, )"
        }
      },
      "motor.extensions.hosting.cloudevents": {
        "type": "Project",
        "dependencies": {
          "CloudNative.CloudEvents": "[2.8.0, )"
        }
      },
      "CloudNative.CloudEvents": {
        "type": "CentralTransitive",
        "requested": "[2.8.0, )",
        "resolved": "2.8.0",
        "contentHash": "RvabvAQV7u3FZcZL5UlRmFz3/T5nMl86GpChpRvHKRHbO+/I4LBcZ0xRqYnNfAh30gM+h/JkSBHEnbhl0zmGtA=="
      },
      "Google.Protobuf": {
        "type": "CentralTransitive",
        "requested": "[3.35.0, )",
        "resolved": "3.35.0",
        "contentHash": "OrUZCUzBXqdSmsQSWp/EPeINjOBcMU+PrZEJegw0aLgOGFHZ9ZI37X/SFrIxo8C9ghKynaKpPr3BVPc4EujWYg=="
      },
      "Microsoft.Extensions.Configuration": {
        "type": "CentralTransitive",
        "requested": "[9.0.14, )",
        "resolved": "9.0.14",
        "contentHash": "wel8GgcNuuCIjZxp1E6CdEMdMA/l01ZAqra1R26DBnp45O/03ZvCcNrGjgKSQLxRF+1kb8gtDL5uZt/1a0AbbQ==",
        "dependencies": {
          "Microsoft.Extensions.Configuration.Abstractions": "9.0.14",
          "Microsoft.Extensions.Primitives": "9.0.14"
        }
      },
      "Microsoft.Extensions.Configuration.Abstractions": {
        "type": "CentralTransitive",
        "requested": "[9.0.14, )",
        "resolved": "9.0.14",
        "contentHash": "hoAjCCsJ/fANjaP6hUPru11b/y2evaDJ1m7uRBQU57Mrq0k1NkZLA3qP0zN+EOj2mvM9DXGlNwnLf3H1tRF05w==",
        "dependencies": {
          "Microsoft.Extensions.Primitives": "9.0.14"
        }
      },
      "Microsoft.Extensions.Configuration.EnvironmentVariables": {
        "type": "CentralTransitive",
        "requested": "[9.0.14, )",
        "resolved": "9.0.14",
        "contentHash": "4llj1N/mlNJLQj1iLcUx2E1tE3am2+qLOkvVrhrtaN1AEZnUGVPKN88vE9AaqLa5CozK5dne1BUJoqBOojrZBA==",
        "dependencies": {
          "Microsoft.Extensions.Configuration": "9.0.14",
          "Microsoft.Extensions.Configuration.Abstractions": "9.0.14"
        }
      },
      "Microsoft.Extensions.Configuration.Json": {
        "type": "CentralTransitive",
        "requested": "[9.0.14, )",
        "resolved": "9.0.14",
        "contentHash": "qKcdX96LHsKP4FawWJgLXeX4mc1l5se/gKOINeqRcekkQwC8u0GTl09+yEJpyJVz8LjKPvM/jqaHnqEE7e92pw==",
        "dependencies": {
          "Microsoft.Extensions.Configuration": "9.0.14",
          "Microsoft.Extensions.Configuration.Abstractions": "9.0.14",
          "Microsoft.Extensions.Configuration.FileExtensions": "9.0.14",
          "Microsoft.Extensions.FileProviders.Abstractions": "9.0.14"
        }
      },
      "Microsoft.Extensions.Hosting.Abstractions": {
        "type": "CentralTransitive",
        "requested": "[9.0.14, )",
        "resolved": "9.0.14",
        "contentHash": "OYqHzVwHZ1u43vFkO6WQk8olZ/G+Lzrcbv+6h0ufJNfOA2NSLuyhDT0k9paaViBxvKEbOU2L+s2zLcprtZGDvA==",
        "dependencies": {
          "Microsoft.Extensions.Configuration.Abstractions": "9.0.14",
          "Microsoft.Extensions.DependencyInjection.Abstractions": "9.0.14",
          "Microsoft.Extensions.Diagnostics.Abstractions": "9.0.14",
          "Microsoft.Extensions.FileProviders.Abstractions": "9.0.14",
          "Microsoft.Extensions.Logging.Abstractions": "9.0.14"
        }
      },
      "Microsoft.Extensions.Logging.Abstractions": {
        "type": "CentralTransitive",
        "requested": "[9.0.14, )",
        "resolved": "9.0.14",
        "contentHash": "uodlxeHHtvEgrAXzHa5T+ESnQhxCk/QSONpiabWjZ8Hn+PcMkXtmbX8YkL1XcFGHqj7hZXUAe2pq7gBptPTz2Q==",
        "dependencies": {
          "Microsoft.Extensions.DependencyInjection.Abstractions": "9.0.14"
        }
      },
      "Microsoft.Extensions.Options": {
        "type": "CentralTransitive",
        "requested": "[9.0.14, )",
        "resolved": "9.0.14",
        "contentHash": "hwn0jONblkFl4k5qcDBKuE/BrLxgBN9OOttnoIRsJgDlsxhwuGoVaHJtWdpTg8adDRMlgMrgeuv8WjMG7UnfUg==",
        "dependencies": {
          "Microsoft.Extensions.DependencyInjection.Abstractions": "9.0.14",
          "Microsoft.Extensions.Primitives": "9.0.14"
        }
      },
      "Microsoft.Extensions.Options.ConfigurationExtensions": {
        "type": "CentralTransitive",
        "requested": "[9.0.14, )",
        "resolved": "9.0.14",
        "contentHash": "JEru5Xno8+JzjqCeSzfCtmWqMv4Js1sw4yzflbGMoWe/3VmZlhWRIlbJDbbi78r222BmteOL0b0c/Wct6Jp1AA==",
        "dependencies": {
          "Microsoft.Extensions.Configuration.Abstractions": "9.0.14",
          "Microsoft.Extensions.Configuration.Binder": "9.0.14",
          "Microsoft.Extensions.DependencyInjection.Abstractions": "9.0.14",
          "Microsoft.Extensions.Options": "9.0.14",
          "Microsoft.Extensions.Primitives": "9.0.14"
        }
      },
      "Newtonsoft.Json": {
        "type": "CentralTransitive",
        "requested": "[13.0.4, )",
        "resolved": "13.0.3",
        "contentHash": "HrC5BXdl00IP9zeV+0Z848QWPAoCr9P3bDEZguI+gkLcBKAOxix/tLEAAHC+UvDNPv4a2d18lOReHMOagPa+zQ=="
      }
    }
  }
}